// !$*UTF8*$!
{
	archiveVersion = 1;
	classes = {
	};
	objectVersion = 56;
	objects = {

/* Begin PBXBuildFile section */
		F80734FB2A8BCBBF0055D473 /* FDLoadingScreen.swift in Sources */ = {isa = PBXBuildFile; fileRef = F80734FA2A8BCBBF0055D473 /* FDLoadingScreen.swift */; };
		F80734FD2A8BDEBA0055D473 /* TokenManager.swift in Sources */ = {isa = PBXBuildFile; fileRef = F80734FC2A8BDEBA0055D473 /* TokenManager.swift */; };
		F80735002A8BE8260055D473 /* JWTDecoder.swift in Sources */ = {isa = PBXBuildFile; fileRef = F80734FF2A8BE8260055D473 /* JWTDecoder.swift */; };
		F80735022A8BF3AE0055D473 /* RefreshResponseDTO.swift in Sources */ = {isa = PBXBuildFile; fileRef = F80735012A8BF3AE0055D473 /* RefreshResponseDTO.swift */; };
		F80735042A8C06B40055D473 /* Weak.swift in Sources */ = {isa = PBXBuildFile; fileRef = F80735032A8C06B40055D473 /* Weak.swift */; };
		F8301C532A117CD900455964 /* PointCloudViewController.swift in Sources */ = {isa = PBXBuildFile; fileRef = F8301C522A117CD900455964 /* PointCloudViewController.swift */; };
		F8301C582A1184A300455964 /* SessionSetupResult.swift in Sources */ = {isa = PBXBuildFile; fileRef = F8301C572A1184A300455964 /* SessionSetupResult.swift */; };
		F8348CB529DB56BD00AF14F2 /* FDAlert.swift in Sources */ = {isa = PBXBuildFile; fileRef = F8348CB429DB56BD00AF14F2 /* FDAlert.swift */; };
		F8377C5C2A86F98100E18B59 /* FaceFeaturePosition.swift in Sources */ = {isa = PBXBuildFile; fileRef = F8377C5B2A86F98100E18B59 /* FaceFeaturePosition.swift */; };
		F8377C642A892F7500E18B59 /* SessionManager.swift in Sources */ = {isa = PBXBuildFile; fileRef = F8377C632A892F7500E18B59 /* SessionManager.swift */; };
		F8377C752A893B0E00E18B59 /* NetworkingService.swift in Sources */ = {isa = PBXBuildFile; fileRef = F8377C742A893B0E00E18B59 /* NetworkingService.swift */; };
		F8377C782A893EFC00E18B59 /* RequestModel.swift in Sources */ = {isa = PBXBuildFile; fileRef = F8377C772A893EFC00E18B59 /* RequestModel.swift */; };
		F8377C7A2A893F5800E18B59 /* HTTPMethod.swift in Sources */ = {isa = PBXBuildFile; fileRef = F8377C792A893F5800E18B59 /* HTTPMethod.swift */; };
		F8377C7C2A89405200E18B59 /* FaceLockAPIPaths.swift in Sources */ = {isa = PBXBuildFile; fileRef = F8377C7B2A89405200E18B59 /* FaceLockAPIPaths.swift */; };
		F8377C802A894A0600E18B59 /* ResponseStatus.swift in Sources */ = {isa = PBXBuildFile; fileRef = F8377C7F2A894A0600E18B59 /* ResponseStatus.swift */; };
		F8377C852A8962CA00E18B59 /* FaceLockAPIRequestFactory.swift in Sources */ = {isa = PBXBuildFile; fileRef = F8377C842A8962CA00E18B59 /* FaceLockAPIRequestFactory.swift */; };
		F8377C8F2A89686300E18B59 /* AuthenticationSceneCoordinator.swift in Sources */ = {isa = PBXBuildFile; fileRef = F8377C8E2A89686300E18B59 /* AuthenticationSceneCoordinator.swift */; };
		F8377C922A896ADE00E18B59 /* ApplicationConfig.swift in Sources */ = {isa = PBXBuildFile; fileRef = F8377C912A896ADE00E18B59 /* ApplicationConfig.swift */; };
		F8377C992A89734500E18B59 /* AuthenticationVC.swift in Sources */ = {isa = PBXBuildFile; fileRef = F8377C982A89734500E18B59 /* AuthenticationVC.swift */; };
		F8377C9B2A89857C00E18B59 /* UIColor+Extension.swift in Sources */ = {isa = PBXBuildFile; fileRef = F8377C9A2A89857C00E18B59 /* UIColor+Extension.swift */; };
		F8377CA32A89959000E18B59 /* RegisterRequestDTO.swift in Sources */ = {isa = PBXBuildFile; fileRef = F8377CA22A89959000E18B59 /* RegisterRequestDTO.swift */; };
		F8377CA62A89967500E18B59 /* LoginRequestDTO.swift in Sources */ = {isa = PBXBuildFile; fileRef = F8377CA52A89967500E18B59 /* LoginRequestDTO.swift */; };
		F8377CA82A8996FE00E18B59 /* RegistrationVC.swift in Sources */ = {isa = PBXBuildFile; fileRef = F8377CA72A8996FE00E18B59 /* RegistrationVC.swift */; };
		F8377CAA2A8A15FD00E18B59 /* RegexValidator.swift in Sources */ = {isa = PBXBuildFile; fileRef = F8377CA92A8A15FD00E18B59 /* RegexValidator.swift */; };
		F8377CAC2A8A240800E18B59 /* RegistrationViewModel.swift in Sources */ = {isa = PBXBuildFile; fileRef = F8377CAB2A8A240800E18B59 /* RegistrationViewModel.swift */; };
		F8377CB52A8A263900E18B59 /* RegisterCommandProtocol.swift in Sources */ = {isa = PBXBuildFile; fileRef = F8377CB42A8A263900E18B59 /* RegisterCommandProtocol.swift */; };
		F8377CB72A8A26A900E18B59 /* RegisterCommand.swift in Sources */ = {isa = PBXBuildFile; fileRef = F8377CB62A8A26A900E18B59 /* RegisterCommand.swift */; };
		F8377CBB2A8A5C4D00E18B59 /* CommandsFactory.swift in Sources */ = {isa = PBXBuildFile; fileRef = F8377CBA2A8A5C4D00E18B59 /* CommandsFactory.swift */; };
		F8377CBE2A8A5CAA00E18B59 /* CommandsFactoryProtocol.swift in Sources */ = {isa = PBXBuildFile; fileRef = F8377CBD2A8A5CAA00E18B59 /* CommandsFactoryProtocol.swift */; };
		F8377CC32A8A5D8B00E18B59 /* NetworkingServiceFactory.swift in Sources */ = {isa = PBXBuildFile; fileRef = F8377CC22A8A5D8B00E18B59 /* NetworkingServiceFactory.swift */; };
		F8377CC52A8A5DA300E18B59 /* NetworkingServiceFactoryProtocol.swift in Sources */ = {isa = PBXBuildFile; fileRef = F8377CC42A8A5DA300E18B59 /* NetworkingServiceFactoryProtocol.swift */; };
		F8377CC92A8A745C00E18B59 /* Encodable + Extension.swift in Sources */ = {isa = PBXBuildFile; fileRef = F8377CC82A8A745C00E18B59 /* Encodable + Extension.swift */; };
		F8377CCB2A8A764400E18B59 /* Data + Extension.swift in Sources */ = {isa = PBXBuildFile; fileRef = F8377CCA2A8A764400E18B59 /* Data + Extension.swift */; };
		F8377CCD2A8A984F00E18B59 /* AuthenticationViewModel.swift in Sources */ = {isa = PBXBuildFile; fileRef = F8377CCC2A8A984F00E18B59 /* AuthenticationViewModel.swift */; };
		F8377CCF2A8A9AF300E18B59 /* Token.swift in Sources */ = {isa = PBXBuildFile; fileRef = F8377CCE2A8A9AF300E18B59 /* Token.swift */; };
		F8377CD32A8A9B5C00E18B59 /* LoginResponseDTO.swift in Sources */ = {isa = PBXBuildFile; fileRef = F8377CD22A8A9B5C00E18B59 /* LoginResponseDTO.swift */; };
		F8377CD52A8AA91E00E18B59 /* RequestBuilder.swift in Sources */ = {isa = PBXBuildFile; fileRef = F8377CD42A8AA91E00E18B59 /* RequestBuilder.swift */; };
		F8377CE12A8ABBC600E18B59 /* LoginCommandProtocol.swift in Sources */ = {isa = PBXBuildFile; fileRef = F8377CE02A8ABBC600E18B59 /* LoginCommandProtocol.swift */; };
		F8377CE32A8ABDA200E18B59 /* LoginCommand.swift in Sources */ = {isa = PBXBuildFile; fileRef = F8377CE22A8ABDA200E18B59 /* LoginCommand.swift */; };
		F8377CEA2A8AE99900E18B59 /* KeychainStorage.swift in Sources */ = {isa = PBXBuildFile; fileRef = F8377CE92A8AE99900E18B59 /* KeychainStorage.swift */; };
		F8377CEC2A8AE9DD00E18B59 /* SecureStorageProtocol.swift in Sources */ = {isa = PBXBuildFile; fileRef = F8377CEB2A8AE9DD00E18B59 /* SecureStorageProtocol.swift */; };
		F8377CEE2A8AEA2E00E18B59 /* StorageError.swift in Sources */ = {isa = PBXBuildFile; fileRef = F8377CED2A8AEA2E00E18B59 /* StorageError.swift */; };
		F8377CF02A8AEB0D00E18B59 /* GenericPasswordQueryable.swift in Sources */ = {isa = PBXBuildFile; fileRef = F8377CEF2A8AEB0D00E18B59 /* GenericPasswordQueryable.swift */; };
		F8377CF32A8AEB4C00E18B59 /* AuthTokenRepositoryProtocol.swift in Sources */ = {isa = PBXBuildFile; fileRef = F8377CF22A8AEB4C00E18B59 /* AuthTokenRepositoryProtocol.swift */; };
		F8377CF52A8AEB7A00E18B59 /* AuthTokenRepository.swift in Sources */ = {isa = PBXBuildFile; fileRef = F8377CF42A8AEB7A00E18B59 /* AuthTokenRepository.swift */; };
		F8377CF92A8AEE4F00E18B59 /* RepositoryFactoryProtocol.swift in Sources */ = {isa = PBXBuildFile; fileRef = F8377CF82A8AEE4F00E18B59 /* RepositoryFactoryProtocol.swift */; };
		F8377CFC2A8AEE6400E18B59 /* RepositoryFactory.swift in Sources */ = {isa = PBXBuildFile; fileRef = F8377CFB2A8AEE6400E18B59 /* RepositoryFactory.swift */; };
		F8377D012A8AF52200E18B59 /* AuthenticationSceneCoordinatorOutput.swift in Sources */ = {isa = PBXBuildFile; fileRef = F8377D002A8AF52200E18B59 /* AuthenticationSceneCoordinatorOutput.swift */; };
		F849F28E2A1F757600672D34 /* Transform.swift in Sources */ = {isa = PBXBuildFile; fileRef = F849F28D2A1F757600672D34 /* Transform.swift */; };
		F849F2902A1F946600672D34 /* AcrballCamera.swift in Sources */ = {isa = PBXBuildFile; fileRef = F849F28F2A1F946600672D34 /* AcrballCamera.swift */; };
		F849F2962A1FA14900672D34 /* GestureController.swift in Sources */ = {isa = PBXBuildFile; fileRef = F849F2952A1FA14900672D34 /* GestureController.swift */; };
		F85439C62A142EEF00D78E8A /* PointCloud.metal in Sources */ = {isa = PBXBuildFile; fileRef = F85439C52A142EEF00D78E8A /* PointCloud.metal */; };
		F85AE9652A1EA202001E565F /* MathLibrary.swift in Sources */ = {isa = PBXBuildFile; fileRef = F85AE9642A1EA201001E565F /* MathLibrary.swift */; };
		F881A83C2A32ADE2003408B3 /* PointCloudSceneCoordinator.swift in Sources */ = {isa = PBXBuildFile; fileRef = F881A83B2A32ADE2003408B3 /* PointCloudSceneCoordinator.swift */; };
		F881A83E2A32B066003408B3 /* PointCloudSceneSettingsViewController.swift in Sources */ = {isa = PBXBuildFile; fileRef = F881A83D2A32B066003408B3 /* PointCloudSceneSettingsViewController.swift */; };
		F881A8402A32CF01003408B3 /* SettingsTableViewCell.swift in Sources */ = {isa = PBXBuildFile; fileRef = F881A83F2A32CF01003408B3 /* SettingsTableViewCell.swift */; };
		F881A8422A32CF3F003408B3 /* DetecetionSceneSettingsViewController.swift in Sources */ = {isa = PBXBuildFile; fileRef = F881A8412A32CF3F003408B3 /* DetecetionSceneSettingsViewController.swift */; };
		F881A8442A32CFFE003408B3 /* DetectionSceneCoordinator.swift in Sources */ = {isa = PBXBuildFile; fileRef = F881A8432A32CFFE003408B3 /* DetectionSceneCoordinator.swift */; };
		F8872E592A3CBC7A00B2A0D7 /* PointCloudModel.swift in Sources */ = {isa = PBXBuildFile; fileRef = F8872E582A3CBC7A00B2A0D7 /* PointCloudModel.swift */; };
		F8872E5B2A3CECEC00B2A0D7 /* RenderModel.swift in Sources */ = {isa = PBXBuildFile; fileRef = F8872E5A2A3CECEC00B2A0D7 /* RenderModel.swift */; };
		F8872E5E2A3CF0A300B2A0D7 /* CVPixelBuffer + Extension.swift in Sources */ = {isa = PBXBuildFile; fileRef = F8872E5D2A3CF0A300B2A0D7 /* CVPixelBuffer + Extension.swift */; };
		F8897ACB2A2FDABB0057D7A7 /* MainListViewController.swift in Sources */ = {isa = PBXBuildFile; fileRef = F8897ACA2A2FDABB0057D7A7 /* MainListViewController.swift */; };
		F8897ACD2A2FE0CF0057D7A7 /* MainListViewModel.swift in Sources */ = {isa = PBXBuildFile; fileRef = F8897ACC2A2FE0CF0057D7A7 /* MainListViewModel.swift */; };
		F8B2DEAF2A196E9F003F7544 /* Renderer.swift in Sources */ = {isa = PBXBuildFile; fileRef = F8B2DEAE2A196E9F003F7544 /* Renderer.swift */; };
		F8CE81332A3B4F2600AED35D /* FaceMeshModel.swift in Sources */ = {isa = PBXBuildFile; fileRef = F8CE81322A3B4F2600AED35D /* FaceMeshModel.swift */; };
		F8CE81362A3C7C7700AED35D /* ShaderCommon + Extension.swift in Sources */ = {isa = PBXBuildFile; fileRef = F8CE81352A3C7C7700AED35D /* ShaderCommon + Extension.swift */; };
		F8CFA6E029D32F5000905F94 /* AppDelegate.swift in Sources */ = {isa = PBXBuildFile; fileRef = F8CFA6DF29D32F5000905F94 /* AppDelegate.swift */; };
		F8CFA6E229D32F5000905F94 /* SceneDelegate.swift in Sources */ = {isa = PBXBuildFile; fileRef = F8CFA6E129D32F5000905F94 /* SceneDelegate.swift */; };
		F8CFA6E929D32F5100905F94 /* Assets.xcassets in Resources */ = {isa = PBXBuildFile; fileRef = F8CFA6E829D32F5100905F94 /* Assets.xcassets */; };
		F8CFA6EC29D32F5100905F94 /* LaunchScreen.storyboard in Resources */ = {isa = PBXBuildFile; fileRef = F8CFA6EA29D32F5100905F94 /* LaunchScreen.storyboard */; };
		F8CFA6FC29D3425C00905F94 /* DetectionSceneVC.swift in Sources */ = {isa = PBXBuildFile; fileRef = F8CFA6FB29D3425C00905F94 /* DetectionSceneVC.swift */; };
		F8CFA6FE29D3433F00905F94 /* FaceDetector.swift in Sources */ = {isa = PBXBuildFile; fileRef = F8CFA6FD29D3433F00905F94 /* FaceDetector.swift */; };
		F8CFA70029D3437300905F94 /* DetectionSceneViewModel.swift in Sources */ = {isa = PBXBuildFile; fileRef = F8CFA6FF29D3437300905F94 /* DetectionSceneViewModel.swift */; };
		F8CFA70529D36A5C00905F94 /* FDFadeAnimatedButton.swift in Sources */ = {isa = PBXBuildFile; fileRef = F8CFA70429D36A5C00905F94 /* FDFadeAnimatedButton.swift */; };
		F8CFA70729D43B1400905F94 /* DebugView.swift in Sources */ = {isa = PBXBuildFile; fileRef = F8CFA70629D43B1400905F94 /* DebugView.swift */; };
		F8CFA70929D45E4000905F94 /* CameraCaptureVC.swift in Sources */ = {isa = PBXBuildFile; fileRef = F8CFA70829D45E4000905F94 /* CameraCaptureVC.swift */; };
		F8CFA71029D5A7E900905F94 /* FaceGeometryModel.swift in Sources */ = {isa = PBXBuildFile; fileRef = F8CFA70F29D5A7E900905F94 /* FaceGeometryModel.swift */; };
		F8CFA71429D5A89E00905F94 /* FaceBoundsState.swift in Sources */ = {isa = PBXBuildFile; fileRef = F8CFA71329D5A89E00905F94 /* FaceBoundsState.swift */; };
		F8E4D47A29D8985E00B6F0BB /* Router.swift in Sources */ = {isa = PBXBuildFile; fileRef = F8E4D47929D8985E00B6F0BB /* Router.swift */; };
		F8E4D47C29D898DE00B6F0BB /* Presentable.swift in Sources */ = {isa = PBXBuildFile; fileRef = F8E4D47B29D898DE00B6F0BB /* Presentable.swift */; };
		F8E4D47E29D89A1B00B6F0BB /* SceneCoordinator.swift in Sources */ = {isa = PBXBuildFile; fileRef = F8E4D47D29D89A1B00B6F0BB /* SceneCoordinator.swift */; };
		F8E4D48129D8AA6400B6F0BB /* ApplicationCoordinator.swift in Sources */ = {isa = PBXBuildFile; fileRef = F8E4D48029D8AA6400B6F0BB /* ApplicationCoordinator.swift */; };
		F8E4D48929D8AE1900B6F0BB /* MainListSceneCoordinator.swift in Sources */ = {isa = PBXBuildFile; fileRef = F8E4D48829D8AE1900B6F0BB /* MainListSceneCoordinator.swift */; };
		F8FBC9C42A6BEBD9009100F1 /* FaceObservation.swift in Sources */ = {isa = PBXBuildFile; fileRef = F8FBC9C32A6BEBD9009100F1 /* FaceObservation.swift */; };
		F8FBC9C62A6BEC55009100F1 /* FaceAuthenticity.swift in Sources */ = {isa = PBXBuildFile; fileRef = F8FBC9C52A6BEC55009100F1 /* FaceAuthenticity.swift */; };
/* End PBXBuildFile section */

/* Begin PBXFileReference section */
		F80734FA2A8BCBBF0055D473 /* FDLoadingScreen.swift */ = {isa = PBXFileReference; lastKnownFileType = sourcecode.swift; path = FDLoadingScreen.swift; sourceTree = "<group>"; };
		F80734FC2A8BDEBA0055D473 /* TokenManager.swift */ = {isa = PBXFileReference; lastKnownFileType = sourcecode.swift; path = TokenManager.swift; sourceTree = "<group>"; };
		F80734FF2A8BE8260055D473 /* JWTDecoder.swift */ = {isa = PBXFileReference; lastKnownFileType = sourcecode.swift; path = JWTDecoder.swift; sourceTree = "<group>"; };
		F80735012A8BF3AE0055D473 /* RefreshResponseDTO.swift */ = {isa = PBXFileReference; lastKnownFileType = sourcecode.swift; path = RefreshResponseDTO.swift; sourceTree = "<group>"; };
		F80735032A8C06B40055D473 /* Weak.swift */ = {isa = PBXFileReference; lastKnownFileType = sourcecode.swift; path = Weak.swift; sourceTree = "<group>"; };
		F8301C522A117CD900455964 /* PointCloudViewController.swift */ = {isa = PBXFileReference; lastKnownFileType = sourcecode.swift; path = PointCloudViewController.swift; sourceTree = "<group>"; };
		F8301C572A1184A300455964 /* SessionSetupResult.swift */ = {isa = PBXFileReference; lastKnownFileType = sourcecode.swift; path = SessionSetupResult.swift; sourceTree = "<group>"; };
		F8348CB429DB56BD00AF14F2 /* FDAlert.swift */ = {isa = PBXFileReference; lastKnownFileType = sourcecode.swift; path = FDAlert.swift; sourceTree = "<group>"; };
		F8377C5B2A86F98100E18B59 /* FaceFeaturePosition.swift */ = {isa = PBXFileReference; lastKnownFileType = sourcecode.swift; path = FaceFeaturePosition.swift; sourceTree = "<group>"; };
		F8377C632A892F7500E18B59 /* SessionManager.swift */ = {isa = PBXFileReference; lastKnownFileType = sourcecode.swift; path = SessionManager.swift; sourceTree = "<group>"; };
		F8377C742A893B0E00E18B59 /* NetworkingService.swift */ = {isa = PBXFileReference; lastKnownFileType = sourcecode.swift; path = NetworkingService.swift; sourceTree = "<group>"; };
		F8377C772A893EFC00E18B59 /* RequestModel.swift */ = {isa = PBXFileReference; lastKnownFileType = sourcecode.swift; path = RequestModel.swift; sourceTree = "<group>"; };
		F8377C792A893F5800E18B59 /* HTTPMethod.swift */ = {isa = PBXFileReference; lastKnownFileType = sourcecode.swift; path = HTTPMethod.swift; sourceTree = "<group>"; };
		F8377C7B2A89405200E18B59 /* FaceLockAPIPaths.swift */ = {isa = PBXFileReference; lastKnownFileType = sourcecode.swift; path = FaceLockAPIPaths.swift; sourceTree = "<group>"; };
		F8377C7F2A894A0600E18B59 /* ResponseStatus.swift */ = {isa = PBXFileReference; lastKnownFileType = sourcecode.swift; path = ResponseStatus.swift; sourceTree = "<group>"; };
		F8377C842A8962CA00E18B59 /* FaceLockAPIRequestFactory.swift */ = {isa = PBXFileReference; lastKnownFileType = sourcecode.swift; path = FaceLockAPIRequestFactory.swift; sourceTree = "<group>"; };
		F8377C8E2A89686300E18B59 /* AuthenticationSceneCoordinator.swift */ = {isa = PBXFileReference; lastKnownFileType = sourcecode.swift; path = AuthenticationSceneCoordinator.swift; sourceTree = "<group>"; };
		F8377C912A896ADE00E18B59 /* ApplicationConfig.swift */ = {isa = PBXFileReference; lastKnownFileType = sourcecode.swift; path = ApplicationConfig.swift; sourceTree = "<group>"; };
		F8377C982A89734500E18B59 /* AuthenticationVC.swift */ = {isa = PBXFileReference; lastKnownFileType = sourcecode.swift; path = AuthenticationVC.swift; sourceTree = "<group>"; };
		F8377C9A2A89857C00E18B59 /* UIColor+Extension.swift */ = {isa = PBXFileReference; lastKnownFileType = sourcecode.swift; path = "UIColor+Extension.swift"; sourceTree = "<group>"; };
		F8377C9C2A898E4C00E18B59 /* Config.xcconfig */ = {isa = PBXFileReference; lastKnownFileType = text.xcconfig; path = Config.xcconfig; sourceTree = "<group>"; };
		F8377CA22A89959000E18B59 /* RegisterRequestDTO.swift */ = {isa = PBXFileReference; lastKnownFileType = sourcecode.swift; path = RegisterRequestDTO.swift; sourceTree = "<group>"; };
		F8377CA52A89967500E18B59 /* LoginRequestDTO.swift */ = {isa = PBXFileReference; lastKnownFileType = sourcecode.swift; path = LoginRequestDTO.swift; sourceTree = "<group>"; };
		F8377CA72A8996FE00E18B59 /* RegistrationVC.swift */ = {isa = PBXFileReference; lastKnownFileType = sourcecode.swift; path = RegistrationVC.swift; sourceTree = "<group>"; };
		F8377CA92A8A15FD00E18B59 /* RegexValidator.swift */ = {isa = PBXFileReference; lastKnownFileType = sourcecode.swift; path = RegexValidator.swift; sourceTree = "<group>"; };
		F8377CAB2A8A240800E18B59 /* RegistrationViewModel.swift */ = {isa = PBXFileReference; lastKnownFileType = sourcecode.swift; path = RegistrationViewModel.swift; sourceTree = "<group>"; };
		F8377CB42A8A263900E18B59 /* RegisterCommandProtocol.swift */ = {isa = PBXFileReference; lastKnownFileType = sourcecode.swift; path = RegisterCommandProtocol.swift; sourceTree = "<group>"; };
		F8377CB62A8A26A900E18B59 /* RegisterCommand.swift */ = {isa = PBXFileReference; lastKnownFileType = sourcecode.swift; path = RegisterCommand.swift; sourceTree = "<group>"; };
		F8377CBA2A8A5C4D00E18B59 /* CommandsFactory.swift */ = {isa = PBXFileReference; lastKnownFileType = sourcecode.swift; path = CommandsFactory.swift; sourceTree = "<group>"; };
		F8377CBD2A8A5CAA00E18B59 /* CommandsFactoryProtocol.swift */ = {isa = PBXFileReference; lastKnownFileType = sourcecode.swift; path = CommandsFactoryProtocol.swift; sourceTree = "<group>"; };
		F8377CC22A8A5D8B00E18B59 /* NetworkingServiceFactory.swift */ = {isa = PBXFileReference; lastKnownFileType = sourcecode.swift; path = NetworkingServiceFactory.swift; sourceTree = "<group>"; };
		F8377CC42A8A5DA300E18B59 /* NetworkingServiceFactoryProtocol.swift */ = {isa = PBXFileReference; lastKnownFileType = sourcecode.swift; path = NetworkingServiceFactoryProtocol.swift; sourceTree = "<group>"; };
		F8377CC82A8A745C00E18B59 /* Encodable + Extension.swift */ = {isa = PBXFileReference; lastKnownFileType = sourcecode.swift; path = "Encodable + Extension.swift"; sourceTree = "<group>"; };
		F8377CCA2A8A764400E18B59 /* Data + Extension.swift */ = {isa = PBXFileReference; lastKnownFileType = sourcecode.swift; path = "Data + Extension.swift"; sourceTree = "<group>"; };
		F8377CCC2A8A984F00E18B59 /* AuthenticationViewModel.swift */ = {isa = PBXFileReference; lastKnownFileType = sourcecode.swift; path = AuthenticationViewModel.swift; sourceTree = "<group>"; };
		F8377CCE2A8A9AF300E18B59 /* Token.swift */ = {isa = PBXFileReference; lastKnownFileType = sourcecode.swift; path = Token.swift; sourceTree = "<group>"; };
		F8377CD22A8A9B5C00E18B59 /* LoginResponseDTO.swift */ = {isa = PBXFileReference; lastKnownFileType = sourcecode.swift; path = LoginResponseDTO.swift; sourceTree = "<group>"; };
		F8377CD42A8AA91E00E18B59 /* RequestBuilder.swift */ = {isa = PBXFileReference; lastKnownFileType = sourcecode.swift; path = RequestBuilder.swift; sourceTree = "<group>"; };
		F8377CE02A8ABBC600E18B59 /* LoginCommandProtocol.swift */ = {isa = PBXFileReference; lastKnownFileType = sourcecode.swift; path = LoginCommandProtocol.swift; sourceTree = "<group>"; };
		F8377CE22A8ABDA200E18B59 /* LoginCommand.swift */ = {isa = PBXFileReference; lastKnownFileType = sourcecode.swift; path = LoginCommand.swift; sourceTree = "<group>"; };
		F8377CE92A8AE99900E18B59 /* KeychainStorage.swift */ = {isa = PBXFileReference; lastKnownFileType = sourcecode.swift; path = KeychainStorage.swift; sourceTree = "<group>"; };
		F8377CEB2A8AE9DD00E18B59 /* SecureStorageProtocol.swift */ = {isa = PBXFileReference; lastKnownFileType = sourcecode.swift; path = SecureStorageProtocol.swift; sourceTree = "<group>"; };
		F8377CED2A8AEA2E00E18B59 /* StorageError.swift */ = {isa = PBXFileReference; lastKnownFileType = sourcecode.swift; path = StorageError.swift; sourceTree = "<group>"; };
		F8377CEF2A8AEB0D00E18B59 /* GenericPasswordQueryable.swift */ = {isa = PBXFileReference; lastKnownFileType = sourcecode.swift; path = GenericPasswordQueryable.swift; sourceTree = "<group>"; };
		F8377CF22A8AEB4C00E18B59 /* AuthTokenRepositoryProtocol.swift */ = {isa = PBXFileReference; lastKnownFileType = sourcecode.swift; path = AuthTokenRepositoryProtocol.swift; sourceTree = "<group>"; };
		F8377CF42A8AEB7A00E18B59 /* AuthTokenRepository.swift */ = {isa = PBXFileReference; lastKnownFileType = sourcecode.swift; path = AuthTokenRepository.swift; sourceTree = "<group>"; };
		F8377CF82A8AEE4F00E18B59 /* RepositoryFactoryProtocol.swift */ = {isa = PBXFileReference; lastKnownFileType = sourcecode.swift; path = RepositoryFactoryProtocol.swift; sourceTree = "<group>"; };
		F8377CFB2A8AEE6400E18B59 /* RepositoryFactory.swift */ = {isa = PBXFileReference; lastKnownFileType = sourcecode.swift; path = RepositoryFactory.swift; sourceTree = "<group>"; };
		F8377D002A8AF52200E18B59 /* AuthenticationSceneCoordinatorOutput.swift */ = {isa = PBXFileReference; lastKnownFileType = sourcecode.swift; path = AuthenticationSceneCoordinatorOutput.swift; sourceTree = "<group>"; };
		F849F28D2A1F757600672D34 /* Transform.swift */ = {isa = PBXFileReference; lastKnownFileType = sourcecode.swift; path = Transform.swift; sourceTree = "<group>"; };
		F849F28F2A1F946600672D34 /* AcrballCamera.swift */ = {isa = PBXFileReference; lastKnownFileType = sourcecode.swift; path = AcrballCamera.swift; sourceTree = "<group>"; };
		F849F2952A1FA14900672D34 /* GestureController.swift */ = {isa = PBXFileReference; lastKnownFileType = sourcecode.swift; path = GestureController.swift; sourceTree = "<group>"; };
		F85439C52A142EEF00D78E8A /* PointCloud.metal */ = {isa = PBXFileReference; lastKnownFileType = sourcecode.metal; path = PointCloud.metal; sourceTree = "<group>"; };
		F85AE9642A1EA201001E565F /* MathLibrary.swift */ = {isa = PBXFileReference; lastKnownFileType = sourcecode.swift; path = MathLibrary.swift; sourceTree = "<group>"; };
		F881A83B2A32ADE2003408B3 /* PointCloudSceneCoordinator.swift */ = {isa = PBXFileReference; lastKnownFileType = sourcecode.swift; path = PointCloudSceneCoordinator.swift; sourceTree = "<group>"; };
		F881A83D2A32B066003408B3 /* PointCloudSceneSettingsViewController.swift */ = {isa = PBXFileReference; lastKnownFileType = sourcecode.swift; path = PointCloudSceneSettingsViewController.swift; sourceTree = "<group>"; };
		F881A83F2A32CF01003408B3 /* SettingsTableViewCell.swift */ = {isa = PBXFileReference; lastKnownFileType = sourcecode.swift; path = SettingsTableViewCell.swift; sourceTree = "<group>"; };
		F881A8412A32CF3F003408B3 /* DetecetionSceneSettingsViewController.swift */ = {isa = PBXFileReference; lastKnownFileType = sourcecode.swift; path = DetecetionSceneSettingsViewController.swift; sourceTree = "<group>"; };
		F881A8432A32CFFE003408B3 /* DetectionSceneCoordinator.swift */ = {isa = PBXFileReference; lastKnownFileType = sourcecode.swift; path = DetectionSceneCoordinator.swift; sourceTree = "<group>"; };
		F8872E582A3CBC7A00B2A0D7 /* PointCloudModel.swift */ = {isa = PBXFileReference; lastKnownFileType = sourcecode.swift; path = PointCloudModel.swift; sourceTree = "<group>"; };
		F8872E5A2A3CECEC00B2A0D7 /* RenderModel.swift */ = {isa = PBXFileReference; lastKnownFileType = sourcecode.swift; path = RenderModel.swift; sourceTree = "<group>"; };
		F8872E5D2A3CF0A300B2A0D7 /* CVPixelBuffer + Extension.swift */ = {isa = PBXFileReference; lastKnownFileType = sourcecode.swift; path = "CVPixelBuffer + Extension.swift"; sourceTree = "<group>"; };
		F8897ACA2A2FDABB0057D7A7 /* MainListViewController.swift */ = {isa = PBXFileReference; lastKnownFileType = sourcecode.swift; path = MainListViewController.swift; sourceTree = "<group>"; };
		F8897ACC2A2FE0CF0057D7A7 /* MainListViewModel.swift */ = {isa = PBXFileReference; lastKnownFileType = sourcecode.swift; path = MainListViewModel.swift; sourceTree = "<group>"; };
		F8B2DEAE2A196E9F003F7544 /* Renderer.swift */ = {isa = PBXFileReference; lastKnownFileType = sourcecode.swift; path = Renderer.swift; sourceTree = "<group>"; };
		F8B2DEB92A1996CB003F7544 /* FaceDetectionIOS-Bridging-Header.h */ = {isa = PBXFileReference; lastKnownFileType = sourcecode.c.h; path = "FaceDetectionIOS-Bridging-Header.h"; sourceTree = "<group>"; };
		F8CE81322A3B4F2600AED35D /* FaceMeshModel.swift */ = {isa = PBXFileReference; lastKnownFileType = sourcecode.swift; path = FaceMeshModel.swift; sourceTree = "<group>"; };
		F8CE81342A3C776200AED35D /* ShaderCommon.h */ = {isa = PBXFileReference; lastKnownFileType = sourcecode.c.h; path = ShaderCommon.h; sourceTree = "<group>"; };
		F8CE81352A3C7C7700AED35D /* ShaderCommon + Extension.swift */ = {isa = PBXFileReference; lastKnownFileType = sourcecode.swift; path = "ShaderCommon + Extension.swift"; sourceTree = "<group>"; };
		F8CFA6DC29D32F5000905F94 /* Smart Lock.app */ = {isa = PBXFileReference; explicitFileType = wrapper.application; includeInIndex = 0; path = "Smart Lock.app"; sourceTree = BUILT_PRODUCTS_DIR; };
		F8CFA6DF29D32F5000905F94 /* AppDelegate.swift */ = {isa = PBXFileReference; lastKnownFileType = sourcecode.swift; path = AppDelegate.swift; sourceTree = "<group>"; };
		F8CFA6E129D32F5000905F94 /* SceneDelegate.swift */ = {isa = PBXFileReference; lastKnownFileType = sourcecode.swift; path = SceneDelegate.swift; sourceTree = "<group>"; };
		F8CFA6E829D32F5100905F94 /* Assets.xcassets */ = {isa = PBXFileReference; lastKnownFileType = folder.assetcatalog; path = Assets.xcassets; sourceTree = "<group>"; };
		F8CFA6EB29D32F5100905F94 /* Base */ = {isa = PBXFileReference; lastKnownFileType = file.storyboard; name = Base; path = Base.lproj/LaunchScreen.storyboard; sourceTree = "<group>"; };
		F8CFA6ED29D32F5100905F94 /* Info.plist */ = {isa = PBXFileReference; lastKnownFileType = text.plist.xml; path = Info.plist; sourceTree = "<group>"; };
		F8CFA6FB29D3425C00905F94 /* DetectionSceneVC.swift */ = {isa = PBXFileReference; lastKnownFileType = sourcecode.swift; path = DetectionSceneVC.swift; sourceTree = "<group>"; };
		F8CFA6FD29D3433F00905F94 /* FaceDetector.swift */ = {isa = PBXFileReference; lastKnownFileType = sourcecode.swift; path = FaceDetector.swift; sourceTree = "<group>"; };
		F8CFA6FF29D3437300905F94 /* DetectionSceneViewModel.swift */ = {isa = PBXFileReference; lastKnownFileType = sourcecode.swift; path = DetectionSceneViewModel.swift; sourceTree = "<group>"; };
		F8CFA70429D36A5C00905F94 /* FDFadeAnimatedButton.swift */ = {isa = PBXFileReference; lastKnownFileType = sourcecode.swift; path = FDFadeAnimatedButton.swift; sourceTree = "<group>"; };
		F8CFA70629D43B1400905F94 /* DebugView.swift */ = {isa = PBXFileReference; lastKnownFileType = sourcecode.swift; path = DebugView.swift; sourceTree = "<group>"; };
		F8CFA70829D45E4000905F94 /* CameraCaptureVC.swift */ = {isa = PBXFileReference; lastKnownFileType = sourcecode.swift; path = CameraCaptureVC.swift; sourceTree = "<group>"; };
		F8CFA70F29D5A7E900905F94 /* FaceGeometryModel.swift */ = {isa = PBXFileReference; lastKnownFileType = sourcecode.swift; path = FaceGeometryModel.swift; sourceTree = "<group>"; };
		F8CFA71329D5A89E00905F94 /* FaceBoundsState.swift */ = {isa = PBXFileReference; lastKnownFileType = sourcecode.swift; path = FaceBoundsState.swift; sourceTree = "<group>"; };
		F8E4D47929D8985E00B6F0BB /* Router.swift */ = {isa = PBXFileReference; lastKnownFileType = sourcecode.swift; path = Router.swift; sourceTree = "<group>"; };
		F8E4D47B29D898DE00B6F0BB /* Presentable.swift */ = {isa = PBXFileReference; lastKnownFileType = sourcecode.swift; path = Presentable.swift; sourceTree = "<group>"; };
		F8E4D47D29D89A1B00B6F0BB /* SceneCoordinator.swift */ = {isa = PBXFileReference; lastKnownFileType = sourcecode.swift; path = SceneCoordinator.swift; sourceTree = "<group>"; };
		F8E4D48029D8AA6400B6F0BB /* ApplicationCoordinator.swift */ = {isa = PBXFileReference; lastKnownFileType = sourcecode.swift; path = ApplicationCoordinator.swift; sourceTree = "<group>"; };
		F8E4D48829D8AE1900B6F0BB /* MainListSceneCoordinator.swift */ = {isa = PBXFileReference; lastKnownFileType = sourcecode.swift; path = MainListSceneCoordinator.swift; sourceTree = "<group>"; };
		F8FBC9C32A6BEBD9009100F1 /* FaceObservation.swift */ = {isa = PBXFileReference; lastKnownFileType = sourcecode.swift; path = FaceObservation.swift; sourceTree = "<group>"; };
		F8FBC9C52A6BEC55009100F1 /* FaceAuthenticity.swift */ = {isa = PBXFileReference; lastKnownFileType = sourcecode.swift; path = FaceAuthenticity.swift; sourceTree = "<group>"; };
/* End PBXFileReference section */

/* Begin PBXFrameworksBuildPhase section */
		F8CFA6D929D32F5000905F94 /* Frameworks */ = {
			isa = PBXFrameworksBuildPhase;
			buildActionMask = 2147483647;
			files = (
			);
			runOnlyForDeploymentPostprocessing = 0;
		};
/* End PBXFrameworksBuildPhase section */

/* Begin PBXGroup section */
		F8301C512A117CAF00455964 /* PointCloudScene */ = {
			isa = PBXGroup;
			children = (
				F8377C8B2A89680900E18B59 /* Models */,
				F8377C8A2A89676A00E18B59 /* Coordinators */,
				F85AE9602A1E9D33001E565F /* ViewControllers */,
			);
			path = PointCloudScene;
			sourceTree = "<group>";
		};
		F8377C5D2A8904F800E18B59 /* Infrastracture */ = {
			isa = PBXGroup;
			children = (
				F8377C5E2A89050700E18B59 /* Netwroking */,
			);
			path = Infrastracture;
			sourceTree = "<group>";
		};
		F8377C5E2A89050700E18B59 /* Netwroking */ = {
			isa = PBXGroup;
			children = (
				F8377C862A8963FF00E18B59 /* Endpoints */,
				F8377C762A893EDD00E18B59 /* Models */,
				F8377CDC2A8AB23700E18B59 /* Managers */,
				F8377CDD2A8AB24400E18B59 /* Builders */,
				F8377C5F2A89053F00E18B59 /* Services */,
			);
			path = Netwroking;
			sourceTree = "<group>";
		};
		F8377C5F2A89053F00E18B59 /* Services */ = {
			isa = PBXGroup;
			children = (
				F8377C742A893B0E00E18B59 /* NetworkingService.swift */,
			);
			path = Services;
			sourceTree = "<group>";
		};
		F8377C762A893EDD00E18B59 /* Models */ = {
			isa = PBXGroup;
			children = (
				F8377C792A893F5800E18B59 /* HTTPMethod.swift */,
				F8377C772A893EFC00E18B59 /* RequestModel.swift */,
				F8377C7F2A894A0600E18B59 /* ResponseStatus.swift */,
				F8377CCE2A8A9AF300E18B59 /* Token.swift */,
			);
			path = Models;
			sourceTree = "<group>";
		};
		F8377C832A8962A200E18B59 /* FaceLockAPIEndpoints */ = {
			isa = PBXGroup;
			children = (
				F8377C7B2A89405200E18B59 /* FaceLockAPIPaths.swift */,
				F8377C842A8962CA00E18B59 /* FaceLockAPIRequestFactory.swift */,
			);
			path = FaceLockAPIEndpoints;
			sourceTree = "<group>";
		};
		F8377C862A8963FF00E18B59 /* Endpoints */ = {
			isa = PBXGroup;
			children = (
				F8377C832A8962A200E18B59 /* FaceLockAPIEndpoints */,
			);
			path = Endpoints;
			sourceTree = "<group>";
		};
		F8377C882A89668D00E18B59 /* Scenes */ = {
			isa = PBXGroup;
			children = (
				F8377C8C2A89683700E18B59 /* AuthenticationScene */,
				F8301C512A117CAF00455964 /* PointCloudScene */,
				F8CFA6F729D33C1A00905F94 /* DetectionScene */,
				F8897AC92A2FDA950057D7A7 /* MainListScene */,
			);
			path = Scenes;
			sourceTree = "<group>";
		};
		F8377C892A89675F00E18B59 /* Coordinators */ = {
			isa = PBXGroup;
			children = (
				F881A8432A32CFFE003408B3 /* DetectionSceneCoordinator.swift */,
			);
			path = Coordinators;
			sourceTree = "<group>";
		};
		F8377C8A2A89676A00E18B59 /* Coordinators */ = {
			isa = PBXGroup;
			children = (
				F881A83B2A32ADE2003408B3 /* PointCloudSceneCoordinator.swift */,
			);
			path = Coordinators;
			sourceTree = "<group>";
		};
		F8377C8B2A89680900E18B59 /* Models */ = {
			isa = PBXGroup;
			children = (
				F8301C572A1184A300455964 /* SessionSetupResult.swift */,
			);
			path = Models;
			sourceTree = "<group>";
		};
		F8377C8C2A89683700E18B59 /* AuthenticationScene */ = {
			isa = PBXGroup;
			children = (
				F8377C9D2A89939B00E18B59 /* ViewModels */,
				F8377C8D2A89684900E18B59 /* Coordinators */,
				F8377C972A89732F00E18B59 /* ViewControllers */,
			);
			path = AuthenticationScene;
			sourceTree = "<group>";
		};
		F8377C8D2A89684900E18B59 /* Coordinators */ = {
			isa = PBXGroup;
			children = (
				F8377C8E2A89686300E18B59 /* AuthenticationSceneCoordinator.swift */,
				F8377D002A8AF52200E18B59 /* AuthenticationSceneCoordinatorOutput.swift */,
			);
			path = Coordinators;
			sourceTree = "<group>";
		};
		F8377C902A896AD500E18B59 /* Helpers */ = {
			isa = PBXGroup;
			children = (
				F8377C912A896ADE00E18B59 /* ApplicationConfig.swift */,
				F8377CA92A8A15FD00E18B59 /* RegexValidator.swift */,
				F8377CC82A8A745C00E18B59 /* Encodable + Extension.swift */,
				F8377CCA2A8A764400E18B59 /* Data + Extension.swift */,
				F80734FF2A8BE8260055D473 /* JWTDecoder.swift */,
				F80735032A8C06B40055D473 /* Weak.swift */,
			);
			path = Helpers;
			sourceTree = "<group>";
		};
		F8377C972A89732F00E18B59 /* ViewControllers */ = {
			isa = PBXGroup;
			children = (
				F8377C982A89734500E18B59 /* AuthenticationVC.swift */,
				F8377CA72A8996FE00E18B59 /* RegistrationVC.swift */,
			);
			path = ViewControllers;
			sourceTree = "<group>";
		};
		F8377C9D2A89939B00E18B59 /* ViewModels */ = {
			isa = PBXGroup;
			children = (
				F8377CCC2A8A984F00E18B59 /* AuthenticationViewModel.swift */,
				F8377CAB2A8A240800E18B59 /* RegistrationViewModel.swift */,
			);
			path = ViewModels;
			sourceTree = "<group>";
		};
		F8377CB22A8A260100E18B59 /* Commands */ = {
			isa = PBXGroup;
			children = (
				F8377CDF2A8ABBAA00E18B59 /* Interfaces */,
				F8377CB62A8A26A900E18B59 /* RegisterCommand.swift */,
				F8377CE22A8ABDA200E18B59 /* LoginCommand.swift */,
			);
			path = Commands;
			sourceTree = "<group>";
		};
		F8377CB82A8A5C0200E18B59 /* Factories */ = {
			isa = PBXGroup;
			children = (
				F8377CC02A8A5D2E00E18B59 /* NetworkingServiceFactories */,
				F8377CB92A8A5C2C00E18B59 /* CommandFactories */,
				F8377CF72A8AED6000E18B59 /* RepositoryFactories */,
			);
			path = Factories;
			sourceTree = "<group>";
		};
		F8377CB92A8A5C2C00E18B59 /* CommandFactories */ = {
			isa = PBXGroup;
			children = (
				F8377CE42A8ABEF000E18B59 /* Interfaces */,
				F8377CBA2A8A5C4D00E18B59 /* CommandsFactory.swift */,
			);
			path = CommandFactories;
			sourceTree = "<group>";
		};
		F8377CC02A8A5D2E00E18B59 /* NetworkingServiceFactories */ = {
			isa = PBXGroup;
			children = (
				F8377CC12A8A5D4600E18B59 /* Implementation */,
				F8377CC42A8A5DA300E18B59 /* NetworkingServiceFactoryProtocol.swift */,
			);
			path = NetworkingServiceFactories;
			sourceTree = "<group>";
		};
		F8377CC12A8A5D4600E18B59 /* Implementation */ = {
			isa = PBXGroup;
			children = (
				F8377CC22A8A5D8B00E18B59 /* NetworkingServiceFactory.swift */,
			);
			path = Implementation;
			sourceTree = "<group>";
		};
		F8377CD02A8A9B3F00E18B59 /* Data Access */ = {
			isa = PBXGroup;
			children = (
				F8377CE72A8AE84700E18B59 /* Storages */,
				F8377CDE2A8AB93C00E18B59 /* Repositories */,
				F8377CD12A8A9B4600E18B59 /* DTO */,
			);
			path = "Data Access";
			sourceTree = "<group>";
		};
		F8377CD12A8A9B4600E18B59 /* DTO */ = {
			isa = PBXGroup;
			children = (
				F8377CA22A89959000E18B59 /* RegisterRequestDTO.swift */,
				F8377CA52A89967500E18B59 /* LoginRequestDTO.swift */,
				F8377CD22A8A9B5C00E18B59 /* LoginResponseDTO.swift */,
				F80735012A8BF3AE0055D473 /* RefreshResponseDTO.swift */,
			);
			path = DTO;
			sourceTree = "<group>";
		};
		F8377CDC2A8AB23700E18B59 /* Managers */ = {
			isa = PBXGroup;
			children = (
				F8377C632A892F7500E18B59 /* SessionManager.swift */,
				F80734FC2A8BDEBA0055D473 /* TokenManager.swift */,
			);
			path = Managers;
			sourceTree = "<group>";
		};
		F8377CDD2A8AB24400E18B59 /* Builders */ = {
			isa = PBXGroup;
			children = (
				F8377CD42A8AA91E00E18B59 /* RequestBuilder.swift */,
			);
			path = Builders;
			sourceTree = "<group>";
		};
		F8377CDE2A8AB93C00E18B59 /* Repositories */ = {
			isa = PBXGroup;
			children = (
				F8377CF12A8AEB2900E18B59 /* Interfaces */,
				F8377CF42A8AEB7A00E18B59 /* AuthTokenRepository.swift */,
			);
			path = Repositories;
			sourceTree = "<group>";
		};
		F8377CDF2A8ABBAA00E18B59 /* Interfaces */ = {
			isa = PBXGroup;
			children = (
				F8377CB42A8A263900E18B59 /* RegisterCommandProtocol.swift */,
				F8377CE02A8ABBC600E18B59 /* LoginCommandProtocol.swift */,
			);
			path = Interfaces;
			sourceTree = "<group>";
		};
		F8377CE42A8ABEF000E18B59 /* Interfaces */ = {
			isa = PBXGroup;
			children = (
				F8377CBD2A8A5CAA00E18B59 /* CommandsFactoryProtocol.swift */,
			);
			path = Interfaces;
			sourceTree = "<group>";
		};
		F8377CE72A8AE84700E18B59 /* Storages */ = {
			isa = PBXGroup;
			children = (
				F8377CE82A8AE85100E18B59 /* SecureStorage */,
				F8377CED2A8AEA2E00E18B59 /* StorageError.swift */,
			);
			path = Storages;
			sourceTree = "<group>";
		};
		F8377CE82A8AE85100E18B59 /* SecureStorage */ = {
			isa = PBXGroup;
			children = (
				F8377CEB2A8AE9DD00E18B59 /* SecureStorageProtocol.swift */,
				F8377CE92A8AE99900E18B59 /* KeychainStorage.swift */,
				F8377CEF2A8AEB0D00E18B59 /* GenericPasswordQueryable.swift */,
			);
			path = SecureStorage;
			sourceTree = "<group>";
		};
		F8377CF12A8AEB2900E18B59 /* Interfaces */ = {
			isa = PBXGroup;
			children = (
				F8377CF22A8AEB4C00E18B59 /* AuthTokenRepositoryProtocol.swift */,
			);
			path = Interfaces;
			sourceTree = "<group>";
		};
		F8377CF72A8AED6000E18B59 /* RepositoryFactories */ = {
			isa = PBXGroup;
			children = (
				F8377CFA2A8AEE5200E18B59 /* Interfaces */,
				F8377CFB2A8AEE6400E18B59 /* RepositoryFactory.swift */,
			);
			path = RepositoryFactories;
			sourceTree = "<group>";
		};
		F8377CFA2A8AEE5200E18B59 /* Interfaces */ = {
			isa = PBXGroup;
			children = (
				F8377CF82A8AEE4F00E18B59 /* RepositoryFactoryProtocol.swift */,
			);
			path = Interfaces;
			sourceTree = "<group>";
		};
		F849F28B2A1F73A800672D34 /* Models */ = {
			isa = PBXGroup;
			children = (
				F849F28C2A1F73B400672D34 /* Interfaces */,
				F849F28F2A1F946600672D34 /* AcrballCamera.swift */,
				F8872E582A3CBC7A00B2A0D7 /* PointCloudModel.swift */,
				F8CE81322A3B4F2600AED35D /* FaceMeshModel.swift */,
			);
			path = Models;
			sourceTree = "<group>";
		};
		F849F28C2A1F73B400672D34 /* Interfaces */ = {
			isa = PBXGroup;
			children = (
				F849F28D2A1F757600672D34 /* Transform.swift */,
				F8872E5A2A3CECEC00B2A0D7 /* RenderModel.swift */,
			);
			path = Interfaces;
			sourceTree = "<group>";
		};
		F849F2942A1FA13C00672D34 /* Controllers */ = {
			isa = PBXGroup;
			children = (
				F849F2952A1FA14900672D34 /* GestureController.swift */,
			);
			path = Controllers;
			sourceTree = "<group>";
		};
		F85439C42A12F7CB00D78E8A /* Shaders */ = {
			isa = PBXGroup;
			children = (
				F85439C52A142EEF00D78E8A /* PointCloud.metal */,
			);
			path = Shaders;
			sourceTree = "<group>";
		};
		F85AE9602A1E9D33001E565F /* ViewControllers */ = {
			isa = PBXGroup;
			children = (
				F8301C522A117CD900455964 /* PointCloudViewController.swift */,
				F881A83D2A32B066003408B3 /* PointCloudSceneSettingsViewController.swift */,
			);
			path = ViewControllers;
			sourceTree = "<group>";
		};
		F8872E5F2A3D10F300B2A0D7 /* Helper + Extension */ = {
			isa = PBXGroup;
			children = (
				F8872E5D2A3CF0A300B2A0D7 /* CVPixelBuffer + Extension.swift */,
				F8CE81352A3C7C7700AED35D /* ShaderCommon + Extension.swift */,
			);
			path = "Helper + Extension";
			sourceTree = "<group>";
		};
		F8897AC92A2FDA950057D7A7 /* MainListScene */ = {
			isa = PBXGroup;
			children = (
				F8E4D48829D8AE1900B6F0BB /* MainListSceneCoordinator.swift */,
				F8897ACA2A2FDABB0057D7A7 /* MainListViewController.swift */,
				F8897ACC2A2FE0CF0057D7A7 /* MainListViewModel.swift */,
			);
			path = MainListScene;
			sourceTree = "<group>";
		};
		F8B2DEAA2A190077003F7544 /* Utility */ = {
			isa = PBXGroup;
			children = (
				F8CE81342A3C776200AED35D /* ShaderCommon.h */,
				F8B2DEB92A1996CB003F7544 /* FaceDetectionIOS-Bridging-Header.h */,
				F85AE9642A1EA201001E565F /* MathLibrary.swift */,
			);
			path = Utility;
			sourceTree = "<group>";
		};
		F8B2DEAD2A19635D003F7544 /* Renderer */ = {
			isa = PBXGroup;
			children = (
				F8B2DEAE2A196E9F003F7544 /* Renderer.swift */,
			);
			path = Renderer;
			sourceTree = "<group>";
		};
		F8CFA6D329D32F5000905F94 = {
			isa = PBXGroup;
			children = (
				F8CFA6DE29D32F5000905F94 /* FaceDetectionIOS */,
				F8CFA6DD29D32F5000905F94 /* Products */,
			);
			sourceTree = "<group>";
		};
		F8CFA6DD29D32F5000905F94 /* Products */ = {
			isa = PBXGroup;
			children = (
				F8CFA6DC29D32F5000905F94 /* Smart Lock.app */,
			);
			name = Products;
			sourceTree = "<group>";
		};
		F8CFA6DE29D32F5000905F94 /* FaceDetectionIOS */ = {
			isa = PBXGroup;
			children = (
				F8CFA6FA29D33C6000905F94 /* Application */,
				F8377C5D2A8904F800E18B59 /* Infrastracture */,
				F8CFA6F929D33C4C00905F94 /* Domain */,
				F8377CD02A8A9B3F00E18B59 /* Data Access */,
				F8CFA6F629D33C1200905F94 /* User Interface */,
			);
			path = FaceDetectionIOS;
			sourceTree = "<group>";
		};
		F8CFA6F629D33C1200905F94 /* User Interface */ = {
			isa = PBXGroup;
			children = (
				F8E4D47829D897E300B6F0BB /* BaseNavigationLogic */,
				F8E4D47F29D8AA5200B6F0BB /* ApplicationCoordinator */,
				F8377C882A89668D00E18B59 /* Scenes */,
				F8CFA70329D36A0900905F94 /* Custom UI Helpers */,
			);
			path = "User Interface";
			sourceTree = "<group>";
		};
		F8CFA6F729D33C1A00905F94 /* DetectionScene */ = {
			isa = PBXGroup;
			children = (
				F8377C892A89675F00E18B59 /* Coordinators */,
				F8CFA70D29D4792700905F94 /* ViewModels */,
				F8CFA70C29D4792000905F94 /* ViewControllers */,
			);
			path = DetectionScene;
			sourceTree = "<group>";
		};
		F8CFA6F929D33C4C00905F94 /* Domain */ = {
			isa = PBXGroup;
			children = (
				F8377CB82A8A5C0200E18B59 /* Factories */,
				F8377CB22A8A260100E18B59 /* Commands */,
				F8377C902A896AD500E18B59 /* Helpers */,
				F8B2DEAA2A190077003F7544 /* Utility */,
				F849F2942A1FA13C00672D34 /* Controllers */,
				F8E4D47429D8968300B6F0BB /* MetalCore */,
				F8FBB24F29D62CE8009E3680 /* Face Detection */,
			);
			path = Domain;
			sourceTree = "<group>";
		};
		F8CFA6FA29D33C6000905F94 /* Application */ = {
			isa = PBXGroup;
			children = (
				F8CFA6DF29D32F5000905F94 /* AppDelegate.swift */,
				F8CFA6E129D32F5000905F94 /* SceneDelegate.swift */,
				F8CFA6E829D32F5100905F94 /* Assets.xcassets */,
				F8CFA6EA29D32F5100905F94 /* LaunchScreen.storyboard */,
				F8CFA6ED29D32F5100905F94 /* Info.plist */,
				F8377C9C2A898E4C00E18B59 /* Config.xcconfig */,
			);
			path = Application;
			sourceTree = "<group>";
		};
		F8CFA70329D36A0900905F94 /* Custom UI Helpers */ = {
			isa = PBXGroup;
			children = (
				F8CFA70429D36A5C00905F94 /* FDFadeAnimatedButton.swift */,
				F8348CB429DB56BD00AF14F2 /* FDAlert.swift */,
				F881A83F2A32CF01003408B3 /* SettingsTableViewCell.swift */,
				F8377C9A2A89857C00E18B59 /* UIColor+Extension.swift */,
				F80734FA2A8BCBBF0055D473 /* FDLoadingScreen.swift */,
			);
			path = "Custom UI Helpers";
			sourceTree = "<group>";
		};
		F8CFA70C29D4792000905F94 /* ViewControllers */ = {
			isa = PBXGroup;
			children = (
				F8CFA6FB29D3425C00905F94 /* DetectionSceneVC.swift */,
				F8CFA70629D43B1400905F94 /* DebugView.swift */,
				F8CFA70829D45E4000905F94 /* CameraCaptureVC.swift */,
				F881A8412A32CF3F003408B3 /* DetecetionSceneSettingsViewController.swift */,
			);
			path = ViewControllers;
			sourceTree = "<group>";
		};
		F8CFA70D29D4792700905F94 /* ViewModels */ = {
			isa = PBXGroup;
			children = (
				F8CFA6FF29D3437300905F94 /* DetectionSceneViewModel.swift */,
			);
			path = ViewModels;
			sourceTree = "<group>";
		};
		F8CFA70E29D5A78800905F94 /* Models */ = {
			isa = PBXGroup;
			children = (
				F8CFA70F29D5A7E900905F94 /* FaceGeometryModel.swift */,
				F8FBC9C32A6BEBD9009100F1 /* FaceObservation.swift */,
				F8CFA71329D5A89E00905F94 /* FaceBoundsState.swift */,
				F8FBC9C52A6BEC55009100F1 /* FaceAuthenticity.swift */,
				F8377C5B2A86F98100E18B59 /* FaceFeaturePosition.swift */,
			);
			path = Models;
			sourceTree = "<group>";
		};
		F8E4D47429D8968300B6F0BB /* MetalCore */ = {
			isa = PBXGroup;
			children = (
				F8872E5F2A3D10F300B2A0D7 /* Helper + Extension */,
				F849F28B2A1F73A800672D34 /* Models */,
				F8B2DEAD2A19635D003F7544 /* Renderer */,
				F85439C42A12F7CB00D78E8A /* Shaders */,
			);
			path = MetalCore;
			sourceTree = "<group>";
		};
		F8E4D47829D897E300B6F0BB /* BaseNavigationLogic */ = {
			isa = PBXGroup;
			children = (
				F8E4D47B29D898DE00B6F0BB /* Presentable.swift */,
				F8E4D47929D8985E00B6F0BB /* Router.swift */,
				F8E4D47D29D89A1B00B6F0BB /* SceneCoordinator.swift */,
			);
			path = BaseNavigationLogic;
			sourceTree = "<group>";
		};
		F8E4D47F29D8AA5200B6F0BB /* ApplicationCoordinator */ = {
			isa = PBXGroup;
			children = (
				F8E4D48029D8AA6400B6F0BB /* ApplicationCoordinator.swift */,
			);
			path = ApplicationCoordinator;
			sourceTree = "<group>";
		};
		F8FBB24F29D62CE8009E3680 /* Face Detection */ = {
			isa = PBXGroup;
			children = (
				F8CFA70E29D5A78800905F94 /* Models */,
				F8CFA6FD29D3433F00905F94 /* FaceDetector.swift */,
			);
			path = "Face Detection";
			sourceTree = "<group>";
		};
/* End PBXGroup section */

/* Begin PBXNativeTarget section */
		F8CFA6DB29D32F5000905F94 /* Smart Lock */ = {
			isa = PBXNativeTarget;
			buildConfigurationList = F8CFA6F029D32F5100905F94 /* Build configuration list for PBXNativeTarget "Smart Lock" */;
			buildPhases = (
				F8CFA6D829D32F5000905F94 /* Sources */,
				F8CFA6D929D32F5000905F94 /* Frameworks */,
				F8CFA6DA29D32F5000905F94 /* Resources */,
			);
			buildRules = (
			);
			dependencies = (
			);
			name = "Smart Lock";
			productName = FaceDetectionIOS;
			productReference = F8CFA6DC29D32F5000905F94 /* Smart Lock.app */;
			productType = "com.apple.product-type.application";
		};
/* End PBXNativeTarget section */

/* Begin PBXProject section */
		F8CFA6D429D32F5000905F94 /* Project object */ = {
			isa = PBXProject;
			attributes = {
				BuildIndependentTargetsInParallel = 1;
				LastSwiftUpdateCheck = 1420;
				LastUpgradeCheck = 1420;
				TargetAttributes = {
					F8CFA6DB29D32F5000905F94 = {
						CreatedOnToolsVersion = 14.2;
						LastSwiftMigration = 1420;
					};
				};
			};
			buildConfigurationList = F8CFA6D729D32F5000905F94 /* Build configuration list for PBXProject "FaceDetectionIOS" */;
			compatibilityVersion = "Xcode 14.0";
			developmentRegion = en;
			hasScannedForEncodings = 0;
			knownRegions = (
				en,
				Base,
			);
			mainGroup = F8CFA6D329D32F5000905F94;
			productRefGroup = F8CFA6DD29D32F5000905F94 /* Products */;
			projectDirPath = "";
			projectRoot = "";
			targets = (
				F8CFA6DB29D32F5000905F94 /* Smart Lock */,
			);
		};
/* End PBXProject section */

/* Begin PBXResourcesBuildPhase section */
		F8CFA6DA29D32F5000905F94 /* Resources */ = {
			isa = PBXResourcesBuildPhase;
			buildActionMask = 2147483647;
			files = (
				F8CFA6EC29D32F5100905F94 /* LaunchScreen.storyboard in Resources */,
				F8CFA6E929D32F5100905F94 /* Assets.xcassets in Resources */,
			);
			runOnlyForDeploymentPostprocessing = 0;
		};
/* End PBXResourcesBuildPhase section */

/* Begin PBXSourcesBuildPhase section */
		F8CFA6D829D32F5000905F94 /* Sources */ = {
			isa = PBXSourcesBuildPhase;
			buildActionMask = 2147483647;
			files = (
				F80734FB2A8BCBBF0055D473 /* FDLoadingScreen.swift in Sources */,
				F8CFA70529D36A5C00905F94 /* FDFadeAnimatedButton.swift in Sources */,
				F8377D012A8AF52200E18B59 /* AuthenticationSceneCoordinatorOutput.swift in Sources */,
				F8377CBE2A8A5CAA00E18B59 /* CommandsFactoryProtocol.swift in Sources */,
				F8CFA6FC29D3425C00905F94 /* DetectionSceneVC.swift in Sources */,
				F85439C62A142EEF00D78E8A /* PointCloud.metal in Sources */,
				F8377CF32A8AEB4C00E18B59 /* AuthTokenRepositoryProtocol.swift in Sources */,
				F8377CFC2A8AEE6400E18B59 /* RepositoryFactory.swift in Sources */,
				F881A8402A32CF01003408B3 /* SettingsTableViewCell.swift in Sources */,
				F8377C5C2A86F98100E18B59 /* FaceFeaturePosition.swift in Sources */,
				F8377C782A893EFC00E18B59 /* RequestModel.swift in Sources */,
				F8377CE32A8ABDA200E18B59 /* LoginCommand.swift in Sources */,
				F8377CB72A8A26A900E18B59 /* RegisterCommand.swift in Sources */,
				F8377C8F2A89686300E18B59 /* AuthenticationSceneCoordinator.swift in Sources */,
				F8897ACD2A2FE0CF0057D7A7 /* MainListViewModel.swift in Sources */,
				F8377CEE2A8AEA2E00E18B59 /* StorageError.swift in Sources */,
				F8CFA71029D5A7E900905F94 /* FaceGeometryModel.swift in Sources */,
				F8377CE12A8ABBC600E18B59 /* LoginCommandProtocol.swift in Sources */,
				F8377CCF2A8A9AF300E18B59 /* Token.swift in Sources */,
				F8377C9B2A89857C00E18B59 /* UIColor+Extension.swift in Sources */,
				F8CFA6E029D32F5000905F94 /* AppDelegate.swift in Sources */,
				F8377CD32A8A9B5C00E18B59 /* LoginResponseDTO.swift in Sources */,
				F80735002A8BE8260055D473 /* JWTDecoder.swift in Sources */,
				F849F2962A1FA14900672D34 /* GestureController.swift in Sources */,
				F8377CEA2A8AE99900E18B59 /* KeychainStorage.swift in Sources */,
				F881A8422A32CF3F003408B3 /* DetecetionSceneSettingsViewController.swift in Sources */,
				F80735022A8BF3AE0055D473 /* RefreshResponseDTO.swift in Sources */,
				F8377CEC2A8AE9DD00E18B59 /* SecureStorageProtocol.swift in Sources */,
				F8377CA82A8996FE00E18B59 /* RegistrationVC.swift in Sources */,
				F881A83C2A32ADE2003408B3 /* PointCloudSceneCoordinator.swift in Sources */,
				F8E4D47A29D8985E00B6F0BB /* Router.swift in Sources */,
				F8377CC92A8A745C00E18B59 /* Encodable + Extension.swift in Sources */,
				F8377CCB2A8A764400E18B59 /* Data + Extension.swift in Sources */,
				F8301C532A117CD900455964 /* PointCloudViewController.swift in Sources */,
				F849F2902A1F946600672D34 /* AcrballCamera.swift in Sources */,
				F8CFA70729D43B1400905F94 /* DebugView.swift in Sources */,
				F8E4D47E29D89A1B00B6F0BB /* SceneCoordinator.swift in Sources */,
				F8377C802A894A0600E18B59 /* ResponseStatus.swift in Sources */,
				F8872E5B2A3CECEC00B2A0D7 /* RenderModel.swift in Sources */,
				F8377CA62A89967500E18B59 /* LoginRequestDTO.swift in Sources */,
				F881A83E2A32B066003408B3 /* PointCloudSceneSettingsViewController.swift in Sources */,
				F8377C752A893B0E00E18B59 /* NetworkingService.swift in Sources */,
				F8E4D48929D8AE1900B6F0BB /* MainListSceneCoordinator.swift in Sources */,
				F881A8442A32CFFE003408B3 /* DetectionSceneCoordinator.swift in Sources */,
				F8CE81332A3B4F2600AED35D /* FaceMeshModel.swift in Sources */,
				F8897ACB2A2FDABB0057D7A7 /* MainListViewController.swift in Sources */,
				F8377CA32A89959000E18B59 /* RegisterRequestDTO.swift in Sources */,
				F8CFA6FE29D3433F00905F94 /* FaceDetector.swift in Sources */,
				F80734FD2A8BDEBA0055D473 /* TokenManager.swift in Sources */,
				F8872E592A3CBC7A00B2A0D7 /* PointCloudModel.swift in Sources */,
				F8CFA6E229D32F5000905F94 /* SceneDelegate.swift in Sources */,
				F8377C852A8962CA00E18B59 /* FaceLockAPIRequestFactory.swift in Sources */,
				F8377CF92A8AEE4F00E18B59 /* RepositoryFactoryProtocol.swift in Sources */,
				F8CFA70929D45E4000905F94 /* CameraCaptureVC.swift in Sources */,
				F8377C7A2A893F5800E18B59 /* HTTPMethod.swift in Sources */,
				F8377CB52A8A263900E18B59 /* RegisterCommandProtocol.swift in Sources */,
				F8377C992A89734500E18B59 /* AuthenticationVC.swift in Sources */,
				F8301C582A1184A300455964 /* SessionSetupResult.swift in Sources */,
				F8E4D47C29D898DE00B6F0BB /* Presentable.swift in Sources */,
				F8FBC9C62A6BEC55009100F1 /* FaceAuthenticity.swift in Sources */,
				F8B2DEAF2A196E9F003F7544 /* Renderer.swift in Sources */,
				F849F28E2A1F757600672D34 /* Transform.swift in Sources */,
				F85AE9652A1EA202001E565F /* MathLibrary.swift in Sources */,
				F8FBC9C42A6BEBD9009100F1 /* FaceObservation.swift in Sources */,
				F8377CF02A8AEB0D00E18B59 /* GenericPasswordQueryable.swift in Sources */,
				F8377CBB2A8A5C4D00E18B59 /* CommandsFactory.swift in Sources */,
				F8377C7C2A89405200E18B59 /* FaceLockAPIPaths.swift in Sources */,
				F8377CAC2A8A240800E18B59 /* RegistrationViewModel.swift in Sources */,
				F8377CCD2A8A984F00E18B59 /* AuthenticationViewModel.swift in Sources */,
				F8377CF52A8AEB7A00E18B59 /* AuthTokenRepository.swift in Sources */,
				F8CFA70029D3437300905F94 /* DetectionSceneViewModel.swift in Sources */,
				F8CFA71429D5A89E00905F94 /* FaceBoundsState.swift in Sources */,
				F8E4D48129D8AA6400B6F0BB /* ApplicationCoordinator.swift in Sources */,
				F8872E5E2A3CF0A300B2A0D7 /* CVPixelBuffer + Extension.swift in Sources */,
				F8377CC52A8A5DA300E18B59 /* NetworkingServiceFactoryProtocol.swift in Sources */,
				F8377CC32A8A5D8B00E18B59 /* NetworkingServiceFactory.swift in Sources */,
				F8377CAA2A8A15FD00E18B59 /* RegexValidator.swift in Sources */,
				F80735042A8C06B40055D473 /* Weak.swift in Sources */,
				F8377C642A892F7500E18B59 /* SessionManager.swift in Sources */,
				F8348CB529DB56BD00AF14F2 /* FDAlert.swift in Sources */,
				F8CE81362A3C7C7700AED35D /* ShaderCommon + Extension.swift in Sources */,
				F8377CD52A8AA91E00E18B59 /* RequestBuilder.swift in Sources */,
				F8377C922A896ADE00E18B59 /* ApplicationConfig.swift in Sources */,
			);
			runOnlyForDeploymentPostprocessing = 0;
		};
/* End PBXSourcesBuildPhase section */

/* Begin PBXVariantGroup section */
		F8CFA6EA29D32F5100905F94 /* LaunchScreen.storyboard */ = {
			isa = PBXVariantGroup;
			children = (
				F8CFA6EB29D32F5100905F94 /* Base */,
			);
			name = LaunchScreen.storyboard;
			sourceTree = "<group>";
		};
/* End PBXVariantGroup section */

/* Begin XCBuildConfiguration section */
		F8CFA6EE29D32F5100905F94 /* Debug */ = {
			isa = XCBuildConfiguration;
			baseConfigurationReference = F8377C9C2A898E4C00E18B59 /* Config.xcconfig */;
			buildSettings = {
				ALWAYS_SEARCH_USER_PATHS = NO;
				CLANG_ANALYZER_NONNULL = YES;
				CLANG_ANALYZER_NUMBER_OBJECT_CONVERSION = YES_AGGRESSIVE;
				CLANG_CXX_LANGUAGE_STANDARD = "gnu++20";
				CLANG_ENABLE_MODULES = YES;
				CLANG_ENABLE_OBJC_ARC = YES;
				CLANG_ENABLE_OBJC_WEAK = YES;
				CLANG_WARN_BLOCK_CAPTURE_AUTORELEASING = YES;
				CLANG_WARN_BOOL_CONVERSION = YES;
				CLANG_WARN_COMMA = YES;
				CLANG_WARN_CONSTANT_CONVERSION = YES;
				CLANG_WARN_DEPRECATED_OBJC_IMPLEMENTATIONS = YES;
				CLANG_WARN_DIRECT_OBJC_ISA_USAGE = YES_ERROR;
				CLANG_WARN_DOCUMENTATION_COMMENTS = YES;
				CLANG_WARN_EMPTY_BODY = YES;
				CLANG_WARN_ENUM_CONVERSION = YES;
				CLANG_WARN_INFINITE_RECURSION = YES;
				CLANG_WARN_INT_CONVERSION = YES;
				CLANG_WARN_NON_LITERAL_NULL_CONVERSION = YES;
				CLANG_WARN_OBJC_IMPLICIT_RETAIN_SELF = YES;
				CLANG_WARN_OBJC_LITERAL_CONVERSION = YES;
				CLANG_WARN_OBJC_ROOT_CLASS = YES_ERROR;
				CLANG_WARN_QUOTED_INCLUDE_IN_FRAMEWORK_HEADER = YES;
				CLANG_WARN_RANGE_LOOP_ANALYSIS = YES;
				CLANG_WARN_STRICT_PROTOTYPES = YES;
				CLANG_WARN_SUSPICIOUS_MOVE = YES;
				CLANG_WARN_UNGUARDED_AVAILABILITY = YES_AGGRESSIVE;
				CLANG_WARN_UNREACHABLE_CODE = YES;
				CLANG_WARN__DUPLICATE_METHOD_MATCH = YES;
				COPY_PHASE_STRIP = NO;
				DEBUG_INFORMATION_FORMAT = dwarf;
				ENABLE_STRICT_OBJC_MSGSEND = YES;
				ENABLE_TESTABILITY = YES;
				GCC_C_LANGUAGE_STANDARD = gnu11;
				GCC_DYNAMIC_NO_PIC = NO;
				GCC_NO_COMMON_BLOCKS = YES;
				GCC_OPTIMIZATION_LEVEL = 0;
				GCC_PREPROCESSOR_DEFINITIONS = (
					"DEBUG=1",
					"$(inherited)",
				);
				GCC_WARN_64_TO_32_BIT_CONVERSION = YES;
				GCC_WARN_ABOUT_RETURN_TYPE = YES_ERROR;
				GCC_WARN_UNDECLARED_SELECTOR = YES;
				GCC_WARN_UNINITIALIZED_AUTOS = YES_AGGRESSIVE;
				GCC_WARN_UNUSED_FUNCTION = YES;
				GCC_WARN_UNUSED_VARIABLE = YES;
				IPHONEOS_DEPLOYMENT_TARGET = 16.2;
				MTL_ENABLE_DEBUG_INFO = INCLUDE_SOURCE;
				MTL_FAST_MATH = YES;
				ONLY_ACTIVE_ARCH = YES;
				SDKROOT = iphoneos;
				SWIFT_ACTIVE_COMPILATION_CONDITIONS = DEBUG;
				SWIFT_OPTIMIZATION_LEVEL = "-Onone";
			};
			name = Debug;
		};
		F8CFA6EF29D32F5100905F94 /* Release */ = {
			isa = XCBuildConfiguration;
			baseConfigurationReference = F8377C9C2A898E4C00E18B59 /* Config.xcconfig */;
			buildSettings = {
				ALWAYS_SEARCH_USER_PATHS = NO;
				CLANG_ANALYZER_NONNULL = YES;
				CLANG_ANALYZER_NUMBER_OBJECT_CONVERSION = YES_AGGRESSIVE;
				CLANG_CXX_LANGUAGE_STANDARD = "gnu++20";
				CLANG_ENABLE_MODULES = YES;
				CLANG_ENABLE_OBJC_ARC = YES;
				CLANG_ENABLE_OBJC_WEAK = YES;
				CLANG_WARN_BLOCK_CAPTURE_AUTORELEASING = YES;
				CLANG_WARN_BOOL_CONVERSION = YES;
				CLANG_WARN_COMMA = YES;
				CLANG_WARN_CONSTANT_CONVERSION = YES;
				CLANG_WARN_DEPRECATED_OBJC_IMPLEMENTATIONS = YES;
				CLANG_WARN_DIRECT_OBJC_ISA_USAGE = YES_ERROR;
				CLANG_WARN_DOCUMENTATION_COMMENTS = YES;
				CLANG_WARN_EMPTY_BODY = YES;
				CLANG_WARN_ENUM_CONVERSION = YES;
				CLANG_WARN_INFINITE_RECURSION = YES;
				CLANG_WARN_INT_CONVERSION = YES;
				CLANG_WARN_NON_LITERAL_NULL_CONVERSION = YES;
				CLANG_WARN_OBJC_IMPLICIT_RETAIN_SELF = YES;
				CLANG_WARN_OBJC_LITERAL_CONVERSION = YES;
				CLANG_WARN_OBJC_ROOT_CLASS = YES_ERROR;
				CLANG_WARN_QUOTED_INCLUDE_IN_FRAMEWORK_HEADER = YES;
				CLANG_WARN_RANGE_LOOP_ANALYSIS = YES;
				CLANG_WARN_STRICT_PROTOTYPES = YES;
				CLANG_WARN_SUSPICIOUS_MOVE = YES;
				CLANG_WARN_UNGUARDED_AVAILABILITY = YES_AGGRESSIVE;
				CLANG_WARN_UNREACHABLE_CODE = YES;
				CLANG_WARN__DUPLICATE_METHOD_MATCH = YES;
				COPY_PHASE_STRIP = NO;
				DEBUG_INFORMATION_FORMAT = "dwarf-with-dsym";
				ENABLE_NS_ASSERTIONS = NO;
				ENABLE_STRICT_OBJC_MSGSEND = YES;
				GCC_C_LANGUAGE_STANDARD = gnu11;
				GCC_NO_COMMON_BLOCKS = YES;
				GCC_WARN_64_TO_32_BIT_CONVERSION = YES;
				GCC_WARN_ABOUT_RETURN_TYPE = YES_ERROR;
				GCC_WARN_UNDECLARED_SELECTOR = YES;
				GCC_WARN_UNINITIALIZED_AUTOS = YES_AGGRESSIVE;
				GCC_WARN_UNUSED_FUNCTION = YES;
				GCC_WARN_UNUSED_VARIABLE = YES;
				IPHONEOS_DEPLOYMENT_TARGET = 16.2;
				MTL_ENABLE_DEBUG_INFO = NO;
				MTL_FAST_MATH = YES;
				SDKROOT = iphoneos;
				SWIFT_COMPILATION_MODE = wholemodule;
				SWIFT_OPTIMIZATION_LEVEL = "-O";
				VALIDATE_PRODUCT = YES;
			};
			name = Release;
		};
		F8CFA6F129D32F5100905F94 /* Debug */ = {
			isa = XCBuildConfiguration;
			buildSettings = {
				ASSETCATALOG_COMPILER_APPICON_NAME = AppIcon;
				ASSETCATALOG_COMPILER_GLOBAL_ACCENT_COLOR_NAME = AccentColor;
				CLANG_ENABLE_MODULES = YES;
				CODE_SIGN_STYLE = Automatic;
				CURRENT_PROJECT_VERSION = 1;
				DEVELOPMENT_TEAM = Z9MV89M5M3;
				GENERATE_INFOPLIST_FILE = YES;
				INFOPLIST_FILE = FaceDetectionIOS/Application/Info.plist;
				INFOPLIST_KEY_NSCameraUsageDescription = "Please give permission to the camera for face detection";
				INFOPLIST_KEY_UIApplicationSupportsIndirectInputEvents = YES;
				INFOPLIST_KEY_UILaunchStoryboardName = LaunchScreen;
				INFOPLIST_KEY_UIMainStoryboardFile = "";
				INFOPLIST_KEY_UISupportedInterfaceOrientations_iPad = "UIInterfaceOrientationPortrait UIInterfaceOrientationPortraitUpsideDown UIInterfaceOrientationLandscapeLeft UIInterfaceOrientationLandscapeRight";
				INFOPLIST_KEY_UISupportedInterfaceOrientations_iPhone = "UIInterfaceOrientationPortrait UIInterfaceOrientationLandscapeLeft UIInterfaceOrientationLandscapeRight";
				IPHONEOS_DEPLOYMENT_TARGET = 16.1;
				LD_RUNPATH_SEARCH_PATHS = (
					"$(inherited)",
					"@executable_path/Frameworks",
				);
				MARKETING_VERSION = 1.0;
				MTL_HEADER_SEARCH_PATHS = FaceDetectionIOS/Domain/Utility;
				PRODUCT_BUNDLE_IDENTIFIER = rodia.FaceDetectionIOS;
				PRODUCT_NAME = "Smart Lock";
				SWIFT_EMIT_LOC_STRINGS = YES;
				SWIFT_OBJC_BRIDGING_HEADER = "FaceDetectionIOS/Domain/Utility/FaceDetectionIOS-Bridging-Header.h";
				SWIFT_OPTIMIZATION_LEVEL = "-Onone";
				SWIFT_VERSION = 5.0;
				TARGETED_DEVICE_FAMILY = "1,2";
			};
			name = Debug;
		};
		F8CFA6F229D32F5100905F94 /* Release */ = {
			isa = XCBuildConfiguration;
			buildSettings = {
				ASSETCATALOG_COMPILER_APPICON_NAME = AppIcon;
				ASSETCATALOG_COMPILER_GLOBAL_ACCENT_COLOR_NAME = AccentColor;
				CLANG_ENABLE_MODULES = YES;
				CODE_SIGN_STYLE = Automatic;
				CURRENT_PROJECT_VERSION = 1;
				DEVELOPMENT_TEAM = Z9MV89M5M3;
				GENERATE_INFOPLIST_FILE = YES;
				INFOPLIST_FILE = FaceDetectionIOS/Application/Info.plist;
				INFOPLIST_KEY_NSCameraUsageDescription = "Please give permission to the camera for face detection";
				INFOPLIST_KEY_UIApplicationSupportsIndirectInputEvents = YES;
				INFOPLIST_KEY_UILaunchStoryboardName = LaunchScreen;
				INFOPLIST_KEY_UIMainStoryboardFile = "";
				INFOPLIST_KEY_UISupportedInterfaceOrientations_iPad = "UIInterfaceOrientationPortrait UIInterfaceOrientationPortraitUpsideDown UIInterfaceOrientationLandscapeLeft UIInterfaceOrientationLandscapeRight";
				INFOPLIST_KEY_UISupportedInterfaceOrientations_iPhone = "UIInterfaceOrientationPortrait UIInterfaceOrientationLandscapeLeft UIInterfaceOrientationLandscapeRight";
				IPHONEOS_DEPLOYMENT_TARGET = 16.1;
				LD_RUNPATH_SEARCH_PATHS = (
					"$(inherited)",
					"@executable_path/Frameworks",
				);
				MARKETING_VERSION = 1.0;
				MTL_HEADER_SEARCH_PATHS = FaceDetectionIOS/Domain/Utility;
				PRODUCT_BUNDLE_IDENTIFIER = rodia.FaceDetectionIOS;
				PRODUCT_NAME = "Smart Lock";
				SWIFT_EMIT_LOC_STRINGS = YES;
				SWIFT_OBJC_BRIDGING_HEADER = "FaceDetectionIOS/Domain/Utility/FaceDetectionIOS-Bridging-Header.h";
				SWIFT_VERSION = 5.0;
				TARGETED_DEVICE_FAMILY = "1,2";
			};
			name = Release;
		};
/* End XCBuildConfiguration section */

/* Begin XCConfigurationList section */
		F8CFA6D729D32F5000905F94 /* Build configuration list for PBXProject "FaceDetectionIOS" */ = {
			isa = XCConfigurationList;
			buildConfigurations = (
				F8CFA6EE29D32F5100905F94 /* Debug */,
				F8CFA6EF29D32F5100905F94 /* Release */,
			);
			defaultConfigurationIsVisible = 0;
			defaultConfigurationName = Release;
		};
		F8CFA6F029D32F5100905F94 /* Build configuration list for PBXNativeTarget "Smart Lock" */ = {
			isa = XCConfigurationList;
			buildConfigurations = (
				F8CFA6F129D32F5100905F94 /* Debug */,
				F8CFA6F229D32F5100905F94 /* Release */,
			);
			defaultConfigurationIsVisible = 0;
			defaultConfigurationName = Release;
		};
/* End XCConfigurationList section */
	};
	rootObject = F8CFA6D429D32F5000905F94 /* Project object */;
}
