// !$*UTF8*$!
{
	archiveVersion = 1;
	classes = {
	};
	objectVersion = 56;
	objects = {

/* Begin PBXBuildFile section */
		F8CFA6E029D32F5000905F94 /* AppDelegate.swift in Sources */ = {isa = PBXBuildFile; fileRef = F8CFA6DF29D32F5000905F94 /* AppDelegate.swift */; };
		F8CFA6E229D32F5000905F94 /* SceneDelegate.swift in Sources */ = {isa = PBXBuildFile; fileRef = F8CFA6E129D32F5000905F94 /* SceneDelegate.swift */; };
		F8CFA6E929D32F5100905F94 /* Assets.xcassets in Resources */ = {isa = PBXBuildFile; fileRef = F8CFA6E829D32F5100905F94 /* Assets.xcassets */; };
		F8CFA6EC29D32F5100905F94 /* LaunchScreen.storyboard in Resources */ = {isa = PBXBuildFile; fileRef = F8CFA6EA29D32F5100905F94 /* LaunchScreen.storyboard */; };
		F8CFA6FC29D3425C00905F94 /* MainCameraVC.swift in Sources */ = {isa = PBXBuildFile; fileRef = F8CFA6FB29D3425C00905F94 /* MainCameraVC.swift */; };
		F8CFA6FE29D3433F00905F94 /* FaceDetector.swift in Sources */ = {isa = PBXBuildFile; fileRef = F8CFA6FD29D3433F00905F94 /* FaceDetector.swift */; };
		F8CFA70029D3437300905F94 /* MainCameraViewModel.swift in Sources */ = {isa = PBXBuildFile; fileRef = F8CFA6FF29D3437300905F94 /* MainCameraViewModel.swift */; };
		F8CFA70529D36A5C00905F94 /* FDFadeAnimatedButton.swift in Sources */ = {isa = PBXBuildFile; fileRef = F8CFA70429D36A5C00905F94 /* FDFadeAnimatedButton.swift */; };
		F8CFA70729D43B1400905F94 /* DebugView.swift in Sources */ = {isa = PBXBuildFile; fileRef = F8CFA70629D43B1400905F94 /* DebugView.swift */; };
		F8CFA70929D45E4000905F94 /* CameraCaptureVC.swift in Sources */ = {isa = PBXBuildFile; fileRef = F8CFA70829D45E4000905F94 /* CameraCaptureVC.swift */; };
		F8CFA70B29D45F9900905F94 /* Helpers.swift in Sources */ = {isa = PBXBuildFile; fileRef = F8CFA70A29D45F9900905F94 /* Helpers.swift */; };
/* End PBXBuildFile section */

/* Begin PBXFileReference section */
		F8CFA6DC29D32F5000905F94 /* FaceDetectionIOS.app */ = {isa = PBXFileReference; explicitFileType = wrapper.application; includeInIndex = 0; path = FaceDetectionIOS.app; sourceTree = BUILT_PRODUCTS_DIR; };
		F8CFA6DF29D32F5000905F94 /* AppDelegate.swift */ = {isa = PBXFileReference; lastKnownFileType = sourcecode.swift; path = AppDelegate.swift; sourceTree = "<group>"; };
		F8CFA6E129D32F5000905F94 /* SceneDelegate.swift */ = {isa = PBXFileReference; lastKnownFileType = sourcecode.swift; path = SceneDelegate.swift; sourceTree = "<group>"; };
		F8CFA6E829D32F5100905F94 /* Assets.xcassets */ = {isa = PBXFileReference; lastKnownFileType = folder.assetcatalog; path = Assets.xcassets; sourceTree = "<group>"; };
		F8CFA6EB29D32F5100905F94 /* Base */ = {isa = PBXFileReference; lastKnownFileType = file.storyboard; name = Base; path = Base.lproj/LaunchScreen.storyboard; sourceTree = "<group>"; };
		F8CFA6ED29D32F5100905F94 /* Info.plist */ = {isa = PBXFileReference; lastKnownFileType = text.plist.xml; path = Info.plist; sourceTree = "<group>"; };
		F8CFA6FB29D3425C00905F94 /* MainCameraVC.swift */ = {isa = PBXFileReference; lastKnownFileType = sourcecode.swift; path = MainCameraVC.swift; sourceTree = "<group>"; };
		F8CFA6FD29D3433F00905F94 /* FaceDetector.swift */ = {isa = PBXFileReference; lastKnownFileType = sourcecode.swift; path = FaceDetector.swift; sourceTree = "<group>"; };
		F8CFA6FF29D3437300905F94 /* MainCameraViewModel.swift */ = {isa = PBXFileReference; lastKnownFileType = sourcecode.swift; path = MainCameraViewModel.swift; sourceTree = "<group>"; };
		F8CFA70429D36A5C00905F94 /* FDFadeAnimatedButton.swift */ = {isa = PBXFileReference; lastKnownFileType = sourcecode.swift; path = FDFadeAnimatedButton.swift; sourceTree = "<group>"; };
		F8CFA70629D43B1400905F94 /* DebugView.swift */ = {isa = PBXFileReference; lastKnownFileType = sourcecode.swift; path = DebugView.swift; sourceTree = "<group>"; };
		F8CFA70829D45E4000905F94 /* CameraCaptureVC.swift */ = {isa = PBXFileReference; lastKnownFileType = sourcecode.swift; path = CameraCaptureVC.swift; sourceTree = "<group>"; };
		F8CFA70A29D45F9900905F94 /* Helpers.swift */ = {isa = PBXFileReference; lastKnownFileType = sourcecode.swift; path = Helpers.swift; sourceTree = "<group>"; };
/* End PBXFileReference section */

/* Begin PBXFrameworksBuildPhase section */
		F8CFA6D929D32F5000905F94 /* Frameworks */ = {
			isa = PBXFrameworksBuildPhase;
			buildActionMask = 2147483647;
			files = (
			);
			runOnlyForDeploymentPostprocessing = 0;
		};
/* End PBXFrameworksBuildPhase section */

/* Begin PBXGroup section */
		F8CFA6D329D32F5000905F94 = {
			isa = PBXGroup;
			children = (
				F8CFA6DE29D32F5000905F94 /* FaceDetectionIOS */,
				F8CFA6DD29D32F5000905F94 /* Products */,
			);
			sourceTree = "<group>";
		};
		F8CFA6DD29D32F5000905F94 /* Products */ = {
			isa = PBXGroup;
			children = (
				F8CFA6DC29D32F5000905F94 /* FaceDetectionIOS.app */,
			);
			name = Products;
			sourceTree = "<group>";
		};
		F8CFA6DE29D32F5000905F94 /* FaceDetectionIOS */ = {
			isa = PBXGroup;
			children = (
				F8CFA6FA29D33C6000905F94 /* Application */,
				F8CFA6F929D33C4C00905F94 /* Business logic */,
				F8CFA6F629D33C1200905F94 /* User Interface */,
			);
			path = FaceDetectionIOS;
			sourceTree = "<group>";
		};
		F8CFA6F629D33C1200905F94 /* User Interface */ = {
			isa = PBXGroup;
			children = (
				F8CFA70329D36A0900905F94 /* Custom UI Helpers */,
				F8CFA6F729D33C1A00905F94 /* MainCameraScene */,
			);
			path = "User Interface";
			sourceTree = "<group>";
		};
		F8CFA6F729D33C1A00905F94 /* MainCameraScene */ = {
			isa = PBXGroup;
			children = (
				F8CFA6FB29D3425C00905F94 /* MainCameraVC.swift */,
				F8CFA6FF29D3437300905F94 /* MainCameraViewModel.swift */,
				F8CFA70629D43B1400905F94 /* DebugView.swift */,
				F8CFA70829D45E4000905F94 /* CameraCaptureVC.swift */,
			);
			path = MainCameraScene;
			sourceTree = "<group>";
		};
		F8CFA6F929D33C4C00905F94 /* Business logic */ = {
			isa = PBXGroup;
			children = (
				F8CFA6FD29D3433F00905F94 /* FaceDetector.swift */,
				F8CFA70A29D45F9900905F94 /* Helpers.swift */,
			);
			path = "Business logic";
			sourceTree = "<group>";
		};
		F8CFA6FA29D33C6000905F94 /* Application */ = {
			isa = PBXGroup;
			children = (
				F8CFA6DF29D32F5000905F94 /* AppDelegate.swift */,
				F8CFA6E129D32F5000905F94 /* SceneDelegate.swift */,
				F8CFA6E829D32F5100905F94 /* Assets.xcassets */,
				F8CFA6EA29D32F5100905F94 /* LaunchScreen.storyboard */,
				F8CFA6ED29D32F5100905F94 /* Info.plist */,
			);
			path = Application;
			sourceTree = "<group>";
		};
		F8CFA70329D36A0900905F94 /* Custom UI Helpers */ = {
			isa = PBXGroup;
			children = (
				F8CFA70429D36A5C00905F94 /* FDFadeAnimatedButton.swift */,
			);
			path = "Custom UI Helpers";
			sourceTree = "<group>";
		};
/* End PBXGroup section */

/* Begin PBXNativeTarget section */
		F8CFA6DB29D32F5000905F94 /* FaceDetectionIOS */ = {
			isa = PBXNativeTarget;
			buildConfigurationList = F8CFA6F029D32F5100905F94 /* Build configuration list for PBXNativeTarget "FaceDetectionIOS" */;
			buildPhases = (
				F8CFA6D829D32F5000905F94 /* Sources */,
				F8CFA6D929D32F5000905F94 /* Frameworks */,
				F8CFA6DA29D32F5000905F94 /* Resources */,
			);
			buildRules = (
			);
			dependencies = (
			);
			name = FaceDetectionIOS;
			productName = FaceDetectionIOS;
			productReference = F8CFA6DC29D32F5000905F94 /* FaceDetectionIOS.app */;
			productType = "com.apple.product-type.application";
		};
/* End PBXNativeTarget section */

/* Begin PBXProject section */
		F8CFA6D429D32F5000905F94 /* Project object */ = {
			isa = PBXProject;
			attributes = {
				BuildIndependentTargetsInParallel = 1;
				LastSwiftUpdateCheck = 1420;
				LastUpgradeCheck = 1420;
				TargetAttributes = {
					F8CFA6DB29D32F5000905F94 = {
						CreatedOnToolsVersion = 14.2;
					};
				};
			};
			buildConfigurationList = F8CFA6D729D32F5000905F94 /* Build configuration list for PBXProject "FaceDetectionIOS" */;
			compatibilityVersion = "Xcode 14.0";
			developmentRegion = en;
			hasScannedForEncodings = 0;
			knownRegions = (
				en,
				Base,
			);
			mainGroup = F8CFA6D329D32F5000905F94;
			productRefGroup = F8CFA6DD29D32F5000905F94 /* Products */;
			projectDirPath = "";
			projectRoot = "";
			targets = (
				F8CFA6DB29D32F5000905F94 /* FaceDetectionIOS */,
			);
		};
/* End PBXProject section */

/* Begin PBXResourcesBuildPhase section */
		F8CFA6DA29D32F5000905F94 /* Resources */ = {
			isa = PBXResourcesBuildPhase;
			buildActionMask = 2147483647;
			files = (
				F8CFA6EC29D32F5100905F94 /* LaunchScreen.storyboard in Resources */,
				F8CFA6E929D32F5100905F94 /* Assets.xcassets in Resources */,
			);
			runOnlyForDeploymentPostprocessing = 0;
		};
/* End PBXResourcesBuildPhase section */

/* Begin PBXSourcesBuildPhase section */
		F8CFA6D829D32F5000905F94 /* Sources */ = {
			isa = PBXSourcesBuildPhase;
			buildActionMask = 2147483647;
			files = (
				F8CFA70529D36A5C00905F94 /* FDFadeAnimatedButton.swift in Sources */,
				F8CFA6FC29D3425C00905F94 /* MainCameraVC.swift in Sources */,
				F8CFA6E029D32F5000905F94 /* AppDelegate.swift in Sources */,
				F8CFA70729D43B1400905F94 /* DebugView.swift in Sources */,
				F8CFA70B29D45F9900905F94 /* Helpers.swift in Sources */,
				F8CFA6FE29D3433F00905F94 /* FaceDetector.swift in Sources */,
				F8CFA6E229D32F5000905F94 /* SceneDelegate.swift in Sources */,
				F8CFA70929D45E4000905F94 /* CameraCaptureVC.swift in Sources */,
				F8CFA70029D3437300905F94 /* MainCameraViewModel.swift in Sources */,
			);
			runOnlyForDeploymentPostprocessing = 0;
		};
/* End PBXSourcesBuildPhase section */

/* Begin PBXVariantGroup section */
		F8CFA6EA29D32F5100905F94 /* LaunchScreen.storyboard */ = {
			isa = PBXVariantGroup;
			children = (
				F8CFA6EB29D32F5100905F94 /* Base */,
			);
			name = LaunchScreen.storyboard;
			sourceTree = "<group>";
		};
/* End PBXVariantGroup section */

/* Begin XCBuildConfiguration section */
		F8CFA6EE29D32F5100905F94 /* Debug */ = {
			isa = XCBuildConfiguration;
			buildSettings = {
				ALWAYS_SEARCH_USER_PATHS = NO;
				CLANG_ANALYZER_NONNULL = YES;
				CLANG_ANALYZER_NUMBER_OBJECT_CONVERSION = YES_AGGRESSIVE;
				CLANG_CXX_LANGUAGE_STANDARD = "gnu++20";
				CLANG_ENABLE_MODULES = YES;
				CLANG_ENABLE_OBJC_ARC = YES;
				CLANG_ENABLE_OBJC_WEAK = YES;
				CLANG_WARN_BLOCK_CAPTURE_AUTORELEASING = YES;
				CLANG_WARN_BOOL_CONVERSION = YES;
				CLANG_WARN_COMMA = YES;
				CLANG_WARN_CONSTANT_CONVERSION = YES;
				CLANG_WARN_DEPRECATED_OBJC_IMPLEMENTATIONS = YES;
				CLANG_WARN_DIRECT_OBJC_ISA_USAGE = YES_ERROR;
				CLANG_WARN_DOCUMENTATION_COMMENTS = YES;
				CLANG_WARN_EMPTY_BODY = YES;
				CLANG_WARN_ENUM_CONVERSION = YES;
				CLANG_WARN_INFINITE_RECURSION = YES;
				CLANG_WARN_INT_CONVERSION = YES;
				CLANG_WARN_NON_LITERAL_NULL_CONVERSION = YES;
				CLANG_WARN_OBJC_IMPLICIT_RETAIN_SELF = YES;
				CLANG_WARN_OBJC_LITERAL_CONVERSION = YES;
				CLANG_WARN_OBJC_ROOT_CLASS = YES_ERROR;
				CLANG_WARN_QUOTED_INCLUDE_IN_FRAMEWORK_HEADER = YES;
				CLANG_WARN_RANGE_LOOP_ANALYSIS = YES;
				CLANG_WARN_STRICT_PROTOTYPES = YES;
				CLANG_WARN_SUSPICIOUS_MOVE = YES;
				CLANG_WARN_UNGUARDED_AVAILABILITY = YES_AGGRESSIVE;
				CLANG_WARN_UNREACHABLE_CODE = YES;
				CLANG_WARN__DUPLICATE_METHOD_MATCH = YES;
				COPY_PHASE_STRIP = NO;
				DEBUG_INFORMATION_FORMAT = dwarf;
				ENABLE_STRICT_OBJC_MSGSEND = YES;
				ENABLE_TESTABILITY = YES;
				GCC_C_LANGUAGE_STANDARD = gnu11;
				GCC_DYNAMIC_NO_PIC = NO;
				GCC_NO_COMMON_BLOCKS = YES;
				GCC_OPTIMIZATION_LEVEL = 0;
				GCC_PREPROCESSOR_DEFINITIONS = (
					"DEBUG=1",
					"$(inherited)",
				);
				GCC_WARN_64_TO_32_BIT_CONVERSION = YES;
				GCC_WARN_ABOUT_RETURN_TYPE = YES_ERROR;
				GCC_WARN_UNDECLARED_SELECTOR = YES;
				GCC_WARN_UNINITIALIZED_AUTOS = YES_AGGRESSIVE;
				GCC_WARN_UNUSED_FUNCTION = YES;
				GCC_WARN_UNUSED_VARIABLE = YES;
				IPHONEOS_DEPLOYMENT_TARGET = 16.2;
				MTL_ENABLE_DEBUG_INFO = INCLUDE_SOURCE;
				MTL_FAST_MATH = YES;
				ONLY_ACTIVE_ARCH = YES;
				SDKROOT = iphoneos;
				SWIFT_ACTIVE_COMPILATION_CONDITIONS = DEBUG;
				SWIFT_OPTIMIZATION_LEVEL = "-Onone";
			};
			name = Debug;
		};
		F8CFA6EF29D32F5100905F94 /* Release */ = {
			isa = XCBuildConfiguration;
			buildSettings = {
				ALWAYS_SEARCH_USER_PATHS = NO;
				CLANG_ANALYZER_NONNULL = YES;
				CLANG_ANALYZER_NUMBER_OBJECT_CONVERSION = YES_AGGRESSIVE;
				CLANG_CXX_LANGUAGE_STANDARD = "gnu++20";
				CLANG_ENABLE_MODULES = YES;
				CLANG_ENABLE_OBJC_ARC = YES;
				CLANG_ENABLE_OBJC_WEAK = YES;
				CLANG_WARN_BLOCK_CAPTURE_AUTORELEASING = YES;
				CLANG_WARN_BOOL_CONVERSION = YES;
				CLANG_WARN_COMMA = YES;
				CLANG_WARN_CONSTANT_CONVERSION = YES;
				CLANG_WARN_DEPRECATED_OBJC_IMPLEMENTATIONS = YES;
				CLANG_WARN_DIRECT_OBJC_ISA_USAGE = YES_ERROR;
				CLANG_WARN_DOCUMENTATION_COMMENTS = YES;
				CLANG_WARN_EMPTY_BODY = YES;
				CLANG_WARN_ENUM_CONVERSION = YES;
				CLANG_WARN_INFINITE_RECURSION = YES;
				CLANG_WARN_INT_CONVERSION = YES;
				CLANG_WARN_NON_LITERAL_NULL_CONVERSION = YES;
				CLANG_WARN_OBJC_IMPLICIT_RETAIN_SELF = YES;
				CLANG_WARN_OBJC_LITERAL_CONVERSION = YES;
				CLANG_WARN_OBJC_ROOT_CLASS = YES_ERROR;
				CLANG_WARN_QUOTED_INCLUDE_IN_FRAMEWORK_HEADER = YES;
				CLANG_WARN_RANGE_LOOP_ANALYSIS = YES;
				CLANG_WARN_STRICT_PROTOTYPES = YES;
				CLANG_WARN_SUSPICIOUS_MOVE = YES;
				CLANG_WARN_UNGUARDED_AVAILABILITY = YES_AGGRESSIVE;
				CLANG_WARN_UNREACHABLE_CODE = YES;
				CLANG_WARN__DUPLICATE_METHOD_MATCH = YES;
				COPY_PHASE_STRIP = NO;
				DEBUG_INFORMATION_FORMAT = "dwarf-with-dsym";
				ENABLE_NS_ASSERTIONS = NO;
				ENABLE_STRICT_OBJC_MSGSEND = YES;
				GCC_C_LANGUAGE_STANDARD = gnu11;
				GCC_NO_COMMON_BLOCKS = YES;
				GCC_WARN_64_TO_32_BIT_CONVERSION = YES;
				GCC_WARN_ABOUT_RETURN_TYPE = YES_ERROR;
				GCC_WARN_UNDECLARED_SELECTOR = YES;
				GCC_WARN_UNINITIALIZED_AUTOS = YES_AGGRESSIVE;
				GCC_WARN_UNUSED_FUNCTION = YES;
				GCC_WARN_UNUSED_VARIABLE = YES;
				IPHONEOS_DEPLOYMENT_TARGET = 16.2;
				MTL_ENABLE_DEBUG_INFO = NO;
				MTL_FAST_MATH = YES;
				SDKROOT = iphoneos;
				SWIFT_COMPILATION_MODE = wholemodule;
				SWIFT_OPTIMIZATION_LEVEL = "-O";
				VALIDATE_PRODUCT = YES;
			};
			name = Release;
		};
		F8CFA6F129D32F5100905F94 /* Debug */ = {
			isa = XCBuildConfiguration;
			buildSettings = {
				ASSETCATALOG_COMPILER_APPICON_NAME = AppIcon;
				ASSETCATALOG_COMPILER_GLOBAL_ACCENT_COLOR_NAME = AccentColor;
				CODE_SIGN_STYLE = Automatic;
				CURRENT_PROJECT_VERSION = 1;
				DEVELOPMENT_TEAM = Z9MV89M5M3;
				GENERATE_INFOPLIST_FILE = YES;
				INFOPLIST_FILE = FaceDetectionIOS/Application/Info.plist;
				INFOPLIST_KEY_NSCameraUsageDescription = "Please give permission to the camera for face detection";
				INFOPLIST_KEY_UIApplicationSupportsIndirectInputEvents = YES;
				INFOPLIST_KEY_UILaunchStoryboardName = LaunchScreen;
				INFOPLIST_KEY_UIMainStoryboardFile = "";
				INFOPLIST_KEY_UISupportedInterfaceOrientations_iPad = "UIInterfaceOrientationPortrait UIInterfaceOrientationPortraitUpsideDown UIInterfaceOrientationLandscapeLeft UIInterfaceOrientationLandscapeRight";
				INFOPLIST_KEY_UISupportedInterfaceOrientations_iPhone = "UIInterfaceOrientationPortrait UIInterfaceOrientationLandscapeLeft UIInterfaceOrientationLandscapeRight";
				IPHONEOS_DEPLOYMENT_TARGET = 16.1;
				LD_RUNPATH_SEARCH_PATHS = (
					"$(inherited)",
					"@executable_path/Frameworks",
				);
				MARKETING_VERSION = 1.0;
				PRODUCT_BUNDLE_IDENTIFIER = rodia.FaceDetectionIOS;
				PRODUCT_NAME = "$(TARGET_NAME)";
				SWIFT_EMIT_LOC_STRINGS = YES;
				SWIFT_VERSION = 5.0;
				TARGETED_DEVICE_FAMILY = "1,2";
			};
			name = Debug;
		};
		F8CFA6F229D32F5100905F94 /* Release */ = {
			isa = XCBuildConfiguration;
			buildSettings = {
				ASSETCATALOG_COMPILER_APPICON_NAME = AppIcon;
				ASSETCATALOG_COMPILER_GLOBAL_ACCENT_COLOR_NAME = AccentColor;
				CODE_SIGN_STYLE = Automatic;
				CURRENT_PROJECT_VERSION = 1;
				DEVELOPMENT_TEAM = Z9MV89M5M3;
				GENERATE_INFOPLIST_FILE = YES;
				INFOPLIST_FILE = FaceDetectionIOS/Application/Info.plist;
				INFOPLIST_KEY_NSCameraUsageDescription = "Please give permission to the camera for face detection";
				INFOPLIST_KEY_UIApplicationSupportsIndirectInputEvents = YES;
				INFOPLIST_KEY_UILaunchStoryboardName = LaunchScreen;
				INFOPLIST_KEY_UIMainStoryboardFile = "";
				INFOPLIST_KEY_UISupportedInterfaceOrientations_iPad = "UIInterfaceOrientationPortrait UIInterfaceOrientationPortraitUpsideDown UIInterfaceOrientationLandscapeLeft UIInterfaceOrientationLandscapeRight";
				INFOPLIST_KEY_UISupportedInterfaceOrientations_iPhone = "UIInterfaceOrientationPortrait UIInterfaceOrientationLandscapeLeft UIInterfaceOrientationLandscapeRight";
				IPHONEOS_DEPLOYMENT_TARGET = 16.1;
				LD_RUNPATH_SEARCH_PATHS = (
					"$(inherited)",
					"@executable_path/Frameworks",
				);
				MARKETING_VERSION = 1.0;
				PRODUCT_BUNDLE_IDENTIFIER = rodia.FaceDetectionIOS;
				PRODUCT_NAME = "$(TARGET_NAME)";
				SWIFT_EMIT_LOC_STRINGS = YES;
				SWIFT_VERSION = 5.0;
				TARGETED_DEVICE_FAMILY = "1,2";
			};
			name = Release;
		};
/* End XCBuildConfiguration section */

/* Begin XCConfigurationList section */
		F8CFA6D729D32F5000905F94 /* Build configuration list for PBXProject "FaceDetectionIOS" */ = {
			isa = XCConfigurationList;
			buildConfigurations = (
				F8CFA6EE29D32F5100905F94 /* Debug */,
				F8CFA6EF29D32F5100905F94 /* Release */,
			);
			defaultConfigurationIsVisible = 0;
			defaultConfigurationName = Release;
		};
		F8CFA6F029D32F5100905F94 /* Build configuration list for PBXNativeTarget "FaceDetectionIOS" */ = {
			isa = XCConfigurationList;
			buildConfigurations = (
				F8CFA6F129D32F5100905F94 /* Debug */,
				F8CFA6F229D32F5100905F94 /* Release */,
			);
			defaultConfigurationIsVisible = 0;
			defaultConfigurationName = Release;
		};
/* End XCConfigurationList section */
	};
	rootObject = F8CFA6D429D32F5000905F94 /* Project object */;
}
