// !$*UTF8*$!
{
	archiveVersion = 1;
	classes = {
	};
	objectVersion = 56;
	objects = {

/* Begin PBXBuildFile section */
		F8301C532A117CD900455964 /* DepthDataViewController.swift in Sources */ = {isa = PBXBuildFile; fileRef = F8301C522A117CD900455964 /* DepthDataViewController.swift */; };
		F8301C582A1184A300455964 /* SessionSetupResult.swift in Sources */ = {isa = PBXBuildFile; fileRef = F8301C572A1184A300455964 /* SessionSetupResult.swift */; };
		F8348CB529DB56BD00AF14F2 /* FDAlert.swift in Sources */ = {isa = PBXBuildFile; fileRef = F8348CB429DB56BD00AF14F2 /* FDAlert.swift */; };
		F849F28E2A1F757600672D34 /* Transform.swift in Sources */ = {isa = PBXBuildFile; fileRef = F849F28D2A1F757600672D34 /* Transform.swift */; };
		F849F2902A1F946600672D34 /* AcrballCamera.swift in Sources */ = {isa = PBXBuildFile; fileRef = F849F28F2A1F946600672D34 /* AcrballCamera.swift */; };
		F849F2962A1FA14900672D34 /* GestureController.swift in Sources */ = {isa = PBXBuildFile; fileRef = F849F2952A1FA14900672D34 /* GestureController.swift */; };
		F85439C62A142EEF00D78E8A /* PointCloud.metal in Sources */ = {isa = PBXBuildFile; fileRef = F85439C52A142EEF00D78E8A /* PointCloud.metal */; };
		F85AE9652A1EA202001E565F /* MathLibrary.swift in Sources */ = {isa = PBXBuildFile; fileRef = F85AE9642A1EA201001E565F /* MathLibrary.swift */; };
		F8B2DEAF2A196E9F003F7544 /* Renderer.swift in Sources */ = {isa = PBXBuildFile; fileRef = F8B2DEAE2A196E9F003F7544 /* Renderer.swift */; };
		F8CFA6E029D32F5000905F94 /* AppDelegate.swift in Sources */ = {isa = PBXBuildFile; fileRef = F8CFA6DF29D32F5000905F94 /* AppDelegate.swift */; };
		F8CFA6E229D32F5000905F94 /* SceneDelegate.swift in Sources */ = {isa = PBXBuildFile; fileRef = F8CFA6E129D32F5000905F94 /* SceneDelegate.swift */; };
		F8CFA6E929D32F5100905F94 /* Assets.xcassets in Resources */ = {isa = PBXBuildFile; fileRef = F8CFA6E829D32F5100905F94 /* Assets.xcassets */; };
		F8CFA6EC29D32F5100905F94 /* LaunchScreen.storyboard in Resources */ = {isa = PBXBuildFile; fileRef = F8CFA6EA29D32F5100905F94 /* LaunchScreen.storyboard */; };
		F8CFA6FC29D3425C00905F94 /* DetectionSceneVC.swift in Sources */ = {isa = PBXBuildFile; fileRef = F8CFA6FB29D3425C00905F94 /* DetectionSceneVC.swift */; };
		F8CFA6FE29D3433F00905F94 /* FaceDetector.swift in Sources */ = {isa = PBXBuildFile; fileRef = F8CFA6FD29D3433F00905F94 /* FaceDetector.swift */; };
		F8CFA70029D3437300905F94 /* DetectionSceneViewModel.swift in Sources */ = {isa = PBXBuildFile; fileRef = F8CFA6FF29D3437300905F94 /* DetectionSceneViewModel.swift */; };
		F8CFA70529D36A5C00905F94 /* FDFadeAnimatedButton.swift in Sources */ = {isa = PBXBuildFile; fileRef = F8CFA70429D36A5C00905F94 /* FDFadeAnimatedButton.swift */; };
		F8CFA70729D43B1400905F94 /* DebugView.swift in Sources */ = {isa = PBXBuildFile; fileRef = F8CFA70629D43B1400905F94 /* DebugView.swift */; };
		F8CFA70929D45E4000905F94 /* CameraCaptureVC.swift in Sources */ = {isa = PBXBuildFile; fileRef = F8CFA70829D45E4000905F94 /* CameraCaptureVC.swift */; };
		F8CFA71029D5A7E900905F94 /* FaceGeometryModel.swift in Sources */ = {isa = PBXBuildFile; fileRef = F8CFA70F29D5A7E900905F94 /* FaceGeometryModel.swift */; };
		F8CFA71429D5A89E00905F94 /* FaceBoundsState.swift in Sources */ = {isa = PBXBuildFile; fileRef = F8CFA71329D5A89E00905F94 /* FaceBoundsState.swift */; };
		F8E4D47A29D8985E00B6F0BB /* Router.swift in Sources */ = {isa = PBXBuildFile; fileRef = F8E4D47929D8985E00B6F0BB /* Router.swift */; };
		F8E4D47C29D898DE00B6F0BB /* Presentable.swift in Sources */ = {isa = PBXBuildFile; fileRef = F8E4D47B29D898DE00B6F0BB /* Presentable.swift */; };
		F8E4D47E29D89A1B00B6F0BB /* Coordinator.swift in Sources */ = {isa = PBXBuildFile; fileRef = F8E4D47D29D89A1B00B6F0BB /* Coordinator.swift */; };
		F8E4D48129D8AA6400B6F0BB /* ApplicationCoordinator.swift in Sources */ = {isa = PBXBuildFile; fileRef = F8E4D48029D8AA6400B6F0BB /* ApplicationCoordinator.swift */; };
		F8E4D48329D8AAE900B6F0BB /* ApplicationCoordinatorFactory.swift in Sources */ = {isa = PBXBuildFile; fileRef = F8E4D48229D8AAE900B6F0BB /* ApplicationCoordinatorFactory.swift */; };
		F8E4D48929D8AE1900B6F0BB /* DetectionCoordinator.swift in Sources */ = {isa = PBXBuildFile; fileRef = F8E4D48829D8AE1900B6F0BB /* DetectionCoordinator.swift */; };
/* End PBXBuildFile section */

/* Begin PBXFileReference section */
		F8301C522A117CD900455964 /* DepthDataViewController.swift */ = {isa = PBXFileReference; lastKnownFileType = sourcecode.swift; path = DepthDataViewController.swift; sourceTree = "<group>"; };
		F8301C572A1184A300455964 /* SessionSetupResult.swift */ = {isa = PBXFileReference; lastKnownFileType = sourcecode.swift; path = SessionSetupResult.swift; sourceTree = "<group>"; };
		F8348CB429DB56BD00AF14F2 /* FDAlert.swift */ = {isa = PBXFileReference; lastKnownFileType = sourcecode.swift; path = FDAlert.swift; sourceTree = "<group>"; };
		F849F28D2A1F757600672D34 /* Transform.swift */ = {isa = PBXFileReference; lastKnownFileType = sourcecode.swift; path = Transform.swift; sourceTree = "<group>"; };
		F849F28F2A1F946600672D34 /* AcrballCamera.swift */ = {isa = PBXFileReference; lastKnownFileType = sourcecode.swift; path = AcrballCamera.swift; sourceTree = "<group>"; };
		F849F2952A1FA14900672D34 /* GestureController.swift */ = {isa = PBXFileReference; lastKnownFileType = sourcecode.swift; path = GestureController.swift; sourceTree = "<group>"; };
		F85439C52A142EEF00D78E8A /* PointCloud.metal */ = {isa = PBXFileReference; lastKnownFileType = sourcecode.metal; path = PointCloud.metal; sourceTree = "<group>"; };
		F85AE9642A1EA201001E565F /* MathLibrary.swift */ = {isa = PBXFileReference; lastKnownFileType = sourcecode.swift; path = MathLibrary.swift; sourceTree = "<group>"; };
		F8B2DEAE2A196E9F003F7544 /* Renderer.swift */ = {isa = PBXFileReference; lastKnownFileType = sourcecode.swift; path = Renderer.swift; sourceTree = "<group>"; };
		F8B2DEB92A1996CB003F7544 /* FaceDetectionIOS-Bridging-Header.h */ = {isa = PBXFileReference; lastKnownFileType = sourcecode.c.h; path = "FaceDetectionIOS-Bridging-Header.h"; sourceTree = "<group>"; };
		F8CFA6DC29D32F5000905F94 /* FaceDetectionIOS.app */ = {isa = PBXFileReference; explicitFileType = wrapper.application; includeInIndex = 0; path = FaceDetectionIOS.app; sourceTree = BUILT_PRODUCTS_DIR; };
		F8CFA6DF29D32F5000905F94 /* AppDelegate.swift */ = {isa = PBXFileReference; lastKnownFileType = sourcecode.swift; path = AppDelegate.swift; sourceTree = "<group>"; };
		F8CFA6E129D32F5000905F94 /* SceneDelegate.swift */ = {isa = PBXFileReference; lastKnownFileType = sourcecode.swift; path = SceneDelegate.swift; sourceTree = "<group>"; };
		F8CFA6E829D32F5100905F94 /* Assets.xcassets */ = {isa = PBXFileReference; lastKnownFileType = folder.assetcatalog; path = Assets.xcassets; sourceTree = "<group>"; };
		F8CFA6EB29D32F5100905F94 /* Base */ = {isa = PBXFileReference; lastKnownFileType = file.storyboard; name = Base; path = Base.lproj/LaunchScreen.storyboard; sourceTree = "<group>"; };
		F8CFA6ED29D32F5100905F94 /* Info.plist */ = {isa = PBXFileReference; lastKnownFileType = text.plist.xml; path = Info.plist; sourceTree = "<group>"; };
		F8CFA6FB29D3425C00905F94 /* DetectionSceneVC.swift */ = {isa = PBXFileReference; lastKnownFileType = sourcecode.swift; path = DetectionSceneVC.swift; sourceTree = "<group>"; };
		F8CFA6FD29D3433F00905F94 /* FaceDetector.swift */ = {isa = PBXFileReference; lastKnownFileType = sourcecode.swift; path = FaceDetector.swift; sourceTree = "<group>"; };
		F8CFA6FF29D3437300905F94 /* DetectionSceneViewModel.swift */ = {isa = PBXFileReference; lastKnownFileType = sourcecode.swift; path = DetectionSceneViewModel.swift; sourceTree = "<group>"; };
		F8CFA70429D36A5C00905F94 /* FDFadeAnimatedButton.swift */ = {isa = PBXFileReference; lastKnownFileType = sourcecode.swift; path = FDFadeAnimatedButton.swift; sourceTree = "<group>"; };
		F8CFA70629D43B1400905F94 /* DebugView.swift */ = {isa = PBXFileReference; lastKnownFileType = sourcecode.swift; path = DebugView.swift; sourceTree = "<group>"; };
		F8CFA70829D45E4000905F94 /* CameraCaptureVC.swift */ = {isa = PBXFileReference; lastKnownFileType = sourcecode.swift; path = CameraCaptureVC.swift; sourceTree = "<group>"; };
		F8CFA70F29D5A7E900905F94 /* FaceGeometryModel.swift */ = {isa = PBXFileReference; lastKnownFileType = sourcecode.swift; path = FaceGeometryModel.swift; sourceTree = "<group>"; };
		F8CFA71329D5A89E00905F94 /* FaceBoundsState.swift */ = {isa = PBXFileReference; lastKnownFileType = sourcecode.swift; path = FaceBoundsState.swift; sourceTree = "<group>"; };
		F8E4D47929D8985E00B6F0BB /* Router.swift */ = {isa = PBXFileReference; lastKnownFileType = sourcecode.swift; path = Router.swift; sourceTree = "<group>"; };
		F8E4D47B29D898DE00B6F0BB /* Presentable.swift */ = {isa = PBXFileReference; lastKnownFileType = sourcecode.swift; path = Presentable.swift; sourceTree = "<group>"; };
		F8E4D47D29D89A1B00B6F0BB /* Coordinator.swift */ = {isa = PBXFileReference; lastKnownFileType = sourcecode.swift; path = Coordinator.swift; sourceTree = "<group>"; };
		F8E4D48029D8AA6400B6F0BB /* ApplicationCoordinator.swift */ = {isa = PBXFileReference; lastKnownFileType = sourcecode.swift; path = ApplicationCoordinator.swift; sourceTree = "<group>"; };
		F8E4D48229D8AAE900B6F0BB /* ApplicationCoordinatorFactory.swift */ = {isa = PBXFileReference; lastKnownFileType = sourcecode.swift; path = ApplicationCoordinatorFactory.swift; sourceTree = "<group>"; };
		F8E4D48829D8AE1900B6F0BB /* DetectionCoordinator.swift */ = {isa = PBXFileReference; lastKnownFileType = sourcecode.swift; path = DetectionCoordinator.swift; sourceTree = "<group>"; };
/* End PBXFileReference section */

/* Begin PBXFrameworksBuildPhase section */
		F8CFA6D929D32F5000905F94 /* Frameworks */ = {
			isa = PBXFrameworksBuildPhase;
			buildActionMask = 2147483647;
			files = (
			);
			runOnlyForDeploymentPostprocessing = 0;
		};
/* End PBXFrameworksBuildPhase section */

/* Begin PBXGroup section */
		F8301C512A117CAF00455964 /* TrueDepthScene */ = {
			isa = PBXGroup;
			children = (
				F85AE9602A1E9D33001E565F /* ViewControllers */,
			);
			path = TrueDepthScene;
			sourceTree = "<group>";
		};
		F8301C552A11846700455964 /* Helpers */ = {
			isa = PBXGroup;
			children = (
				F8301C562A11847700455964 /* AVFoundation */,
			);
			path = Helpers;
			sourceTree = "<group>";
		};
		F8301C562A11847700455964 /* AVFoundation */ = {
			isa = PBXGroup;
			children = (
				F8301C572A1184A300455964 /* SessionSetupResult.swift */,
			);
			path = AVFoundation;
			sourceTree = "<group>";
		};
		F849F28B2A1F73A800672D34 /* Models */ = {
			isa = PBXGroup;
			children = (
				F849F28C2A1F73B400672D34 /* Interfaces */,
				F849F28F2A1F946600672D34 /* AcrballCamera.swift */,
			);
			path = Models;
			sourceTree = "<group>";
		};
		F849F28C2A1F73B400672D34 /* Interfaces */ = {
			isa = PBXGroup;
			children = (
				F849F28D2A1F757600672D34 /* Transform.swift */,
			);
			path = Interfaces;
			sourceTree = "<group>";
		};
		F849F2942A1FA13C00672D34 /* Controllers */ = {
			isa = PBXGroup;
			children = (
				F849F2952A1FA14900672D34 /* GestureController.swift */,
			);
			path = Controllers;
			sourceTree = "<group>";
		};
		F85439C42A12F7CB00D78E8A /* Shaders */ = {
			isa = PBXGroup;
			children = (
				F85439C52A142EEF00D78E8A /* PointCloud.metal */,
			);
			path = Shaders;
			sourceTree = "<group>";
		};
		F85AE9602A1E9D33001E565F /* ViewControllers */ = {
			isa = PBXGroup;
			children = (
				F8301C522A117CD900455964 /* DepthDataViewController.swift */,
			);
			path = ViewControllers;
			sourceTree = "<group>";
		};
		F8B2DEA92A190013003F7544 /* Helpers */ = {
			isa = PBXGroup;
			children = (
				F8B2DEAA2A190077003F7544 /* Utility */,
			);
			path = Helpers;
			sourceTree = "<group>";
		};
		F8B2DEAA2A190077003F7544 /* Utility */ = {
			isa = PBXGroup;
			children = (
				F8B2DEB92A1996CB003F7544 /* FaceDetectionIOS-Bridging-Header.h */,
				F85AE9642A1EA201001E565F /* MathLibrary.swift */,
			);
			path = Utility;
			sourceTree = "<group>";
		};
		F8B2DEAD2A19635D003F7544 /* Renderer */ = {
			isa = PBXGroup;
			children = (
				F8B2DEAE2A196E9F003F7544 /* Renderer.swift */,
			);
			path = Renderer;
			sourceTree = "<group>";
		};
		F8CFA6D329D32F5000905F94 = {
			isa = PBXGroup;
			children = (
				F8CFA6DE29D32F5000905F94 /* FaceDetectionIOS */,
				F8CFA6DD29D32F5000905F94 /* Products */,
			);
			sourceTree = "<group>";
		};
		F8CFA6DD29D32F5000905F94 /* Products */ = {
			isa = PBXGroup;
			children = (
				F8CFA6DC29D32F5000905F94 /* FaceDetectionIOS.app */,
			);
			name = Products;
			sourceTree = "<group>";
		};
		F8CFA6DE29D32F5000905F94 /* FaceDetectionIOS */ = {
			isa = PBXGroup;
			children = (
				F8CFA6FA29D33C6000905F94 /* Application */,
				F8CFA6F929D33C4C00905F94 /* Common */,
				F8CFA6F629D33C1200905F94 /* User Interface */,
			);
			path = FaceDetectionIOS;
			sourceTree = "<group>";
		};
		F8CFA6F629D33C1200905F94 /* User Interface */ = {
			isa = PBXGroup;
			children = (
				F8301C552A11846700455964 /* Helpers */,
				F8E4D47829D897E300B6F0BB /* Base Navigation logic */,
				F8E4D47F29D8AA5200B6F0BB /* ApplicationCoordinator */,
				F8E4D48429D8AB2400B6F0BB /* Detection Flows */,
				F8CFA70329D36A0900905F94 /* Custom UI Helpers */,
			);
			path = "User Interface";
			sourceTree = "<group>";
		};
		F8CFA6F729D33C1A00905F94 /* DetectionScene */ = {
			isa = PBXGroup;
			children = (
				F8CFA70D29D4792700905F94 /* ViewModels */,
				F8CFA70C29D4792000905F94 /* Views */,
			);
			path = DetectionScene;
			sourceTree = "<group>";
		};
		F8CFA6F929D33C4C00905F94 /* Common */ = {
			isa = PBXGroup;
			children = (
				F849F2942A1FA13C00672D34 /* Controllers */,
				F8B2DEA92A190013003F7544 /* Helpers */,
				F8CFA70E29D5A78800905F94 /* Models */,
				F8E4D47429D8968300B6F0BB /* MetalCore */,
				F8FBB24F29D62CE8009E3680 /* Face Detection */,
			);
			path = Common;
			sourceTree = "<group>";
		};
		F8CFA6FA29D33C6000905F94 /* Application */ = {
			isa = PBXGroup;
			children = (
				F8CFA6DF29D32F5000905F94 /* AppDelegate.swift */,
				F8CFA6E129D32F5000905F94 /* SceneDelegate.swift */,
				F8CFA6E829D32F5100905F94 /* Assets.xcassets */,
				F8CFA6EA29D32F5100905F94 /* LaunchScreen.storyboard */,
				F8CFA6ED29D32F5100905F94 /* Info.plist */,
			);
			path = Application;
			sourceTree = "<group>";
		};
		F8CFA70329D36A0900905F94 /* Custom UI Helpers */ = {
			isa = PBXGroup;
			children = (
				F8CFA70429D36A5C00905F94 /* FDFadeAnimatedButton.swift */,
				F8348CB429DB56BD00AF14F2 /* FDAlert.swift */,
			);
			path = "Custom UI Helpers";
			sourceTree = "<group>";
		};
		F8CFA70C29D4792000905F94 /* Views */ = {
			isa = PBXGroup;
			children = (
				F8CFA6FB29D3425C00905F94 /* DetectionSceneVC.swift */,
				F8CFA70629D43B1400905F94 /* DebugView.swift */,
				F8CFA70829D45E4000905F94 /* CameraCaptureVC.swift */,
			);
			path = Views;
			sourceTree = "<group>";
		};
		F8CFA70D29D4792700905F94 /* ViewModels */ = {
			isa = PBXGroup;
			children = (
				F8CFA6FF29D3437300905F94 /* DetectionSceneViewModel.swift */,
			);
			path = ViewModels;
			sourceTree = "<group>";
		};
		F8CFA70E29D5A78800905F94 /* Models */ = {
			isa = PBXGroup;
			children = (
				F8FBB24E29D62CD9009E3680 /* FaceDetectionModels */,
			);
			path = Models;
			sourceTree = "<group>";
		};
		F8E4D47429D8968300B6F0BB /* MetalCore */ = {
			isa = PBXGroup;
			children = (
				F849F28B2A1F73A800672D34 /* Models */,
				F8B2DEAD2A19635D003F7544 /* Renderer */,
				F85439C42A12F7CB00D78E8A /* Shaders */,
			);
			path = MetalCore;
			sourceTree = "<group>";
		};
		F8E4D47829D897E300B6F0BB /* Base Navigation logic */ = {
			isa = PBXGroup;
			children = (
				F8E4D47B29D898DE00B6F0BB /* Presentable.swift */,
				F8E4D47929D8985E00B6F0BB /* Router.swift */,
				F8E4D47D29D89A1B00B6F0BB /* Coordinator.swift */,
			);
			path = "Base Navigation logic";
			sourceTree = "<group>";
		};
		F8E4D47F29D8AA5200B6F0BB /* ApplicationCoordinator */ = {
			isa = PBXGroup;
			children = (
				F8E4D48029D8AA6400B6F0BB /* ApplicationCoordinator.swift */,
				F8E4D48229D8AAE900B6F0BB /* ApplicationCoordinatorFactory.swift */,
			);
			path = ApplicationCoordinator;
			sourceTree = "<group>";
		};
		F8E4D48429D8AB2400B6F0BB /* Detection Flows */ = {
			isa = PBXGroup;
			children = (
				F8E4D48529D8AB5700B6F0BB /* DetectionCoordinator */,
				F8CFA6F729D33C1A00905F94 /* DetectionScene */,
				F8301C512A117CAF00455964 /* TrueDepthScene */,
			);
			path = "Detection Flows";
			sourceTree = "<group>";
		};
		F8E4D48529D8AB5700B6F0BB /* DetectionCoordinator */ = {
			isa = PBXGroup;
			children = (
				F8E4D48829D8AE1900B6F0BB /* DetectionCoordinator.swift */,
			);
			path = DetectionCoordinator;
			sourceTree = "<group>";
		};
		F8FBB24E29D62CD9009E3680 /* FaceDetectionModels */ = {
			isa = PBXGroup;
			children = (
				F8CFA70F29D5A7E900905F94 /* FaceGeometryModel.swift */,
				F8CFA71329D5A89E00905F94 /* FaceBoundsState.swift */,
			);
			path = FaceDetectionModels;
			sourceTree = "<group>";
		};
		F8FBB24F29D62CE8009E3680 /* Face Detection */ = {
			isa = PBXGroup;
			children = (
				F8CFA6FD29D3433F00905F94 /* FaceDetector.swift */,
			);
			path = "Face Detection";
			sourceTree = "<group>";
		};
/* End PBXGroup section */

/* Begin PBXNativeTarget section */
		F8CFA6DB29D32F5000905F94 /* FaceDetectionIOS */ = {
			isa = PBXNativeTarget;
			buildConfigurationList = F8CFA6F029D32F5100905F94 /* Build configuration list for PBXNativeTarget "FaceDetectionIOS" */;
			buildPhases = (
				F8CFA6D829D32F5000905F94 /* Sources */,
				F8CFA6D929D32F5000905F94 /* Frameworks */,
				F8CFA6DA29D32F5000905F94 /* Resources */,
			);
			buildRules = (
			);
			dependencies = (
			);
			name = FaceDetectionIOS;
			productName = FaceDetectionIOS;
			productReference = F8CFA6DC29D32F5000905F94 /* FaceDetectionIOS.app */;
			productType = "com.apple.product-type.application";
		};
/* End PBXNativeTarget section */

/* Begin PBXProject section */
		F8CFA6D429D32F5000905F94 /* Project object */ = {
			isa = PBXProject;
			attributes = {
				BuildIndependentTargetsInParallel = 1;
				LastSwiftUpdateCheck = 1420;
				LastUpgradeCheck = 1420;
				TargetAttributes = {
					F8CFA6DB29D32F5000905F94 = {
						CreatedOnToolsVersion = 14.2;
						LastSwiftMigration = 1420;
					};
				};
			};
			buildConfigurationList = F8CFA6D729D32F5000905F94 /* Build configuration list for PBXProject "FaceDetectionIOS" */;
			compatibilityVersion = "Xcode 14.0";
			developmentRegion = en;
			hasScannedForEncodings = 0;
			knownRegions = (
				en,
				Base,
			);
			mainGroup = F8CFA6D329D32F5000905F94;
			productRefGroup = F8CFA6DD29D32F5000905F94 /* Products */;
			projectDirPath = "";
			projectRoot = "";
			targets = (
				F8CFA6DB29D32F5000905F94 /* FaceDetectionIOS */,
			);
		};
/* End PBXProject section */

/* Begin PBXResourcesBuildPhase section */
		F8CFA6DA29D32F5000905F94 /* Resources */ = {
			isa = PBXResourcesBuildPhase;
			buildActionMask = 2147483647;
			files = (
				F8CFA6EC29D32F5100905F94 /* LaunchScreen.storyboard in Resources */,
				F8CFA6E929D32F5100905F94 /* Assets.xcassets in Resources */,
			);
			runOnlyForDeploymentPostprocessing = 0;
		};
/* End PBXResourcesBuildPhase section */

/* Begin PBXSourcesBuildPhase section */
		F8CFA6D829D32F5000905F94 /* Sources */ = {
			isa = PBXSourcesBuildPhase;
			buildActionMask = 2147483647;
			files = (
				F8CFA70529D36A5C00905F94 /* FDFadeAnimatedButton.swift in Sources */,
				F8CFA6FC29D3425C00905F94 /* DetectionSceneVC.swift in Sources */,
				F85439C62A142EEF00D78E8A /* PointCloud.metal in Sources */,
				F8CFA71029D5A7E900905F94 /* FaceGeometryModel.swift in Sources */,
				F8CFA6E029D32F5000905F94 /* AppDelegate.swift in Sources */,
				F849F2962A1FA14900672D34 /* GestureController.swift in Sources */,
				F8E4D48329D8AAE900B6F0BB /* ApplicationCoordinatorFactory.swift in Sources */,
				F8E4D47A29D8985E00B6F0BB /* Router.swift in Sources */,
				F8301C532A117CD900455964 /* DepthDataViewController.swift in Sources */,
				F849F2902A1F946600672D34 /* AcrballCamera.swift in Sources */,
				F8CFA70729D43B1400905F94 /* DebugView.swift in Sources */,
				F8E4D47E29D89A1B00B6F0BB /* Coordinator.swift in Sources */,
				F8E4D48929D8AE1900B6F0BB /* DetectionCoordinator.swift in Sources */,
				F8CFA6FE29D3433F00905F94 /* FaceDetector.swift in Sources */,
				F8CFA6E229D32F5000905F94 /* SceneDelegate.swift in Sources */,
				F8CFA70929D45E4000905F94 /* CameraCaptureVC.swift in Sources */,
				F8301C582A1184A300455964 /* SessionSetupResult.swift in Sources */,
				F8E4D47C29D898DE00B6F0BB /* Presentable.swift in Sources */,
				F8B2DEAF2A196E9F003F7544 /* Renderer.swift in Sources */,
				F849F28E2A1F757600672D34 /* Transform.swift in Sources */,
				F85AE9652A1EA202001E565F /* MathLibrary.swift in Sources */,
				F8CFA70029D3437300905F94 /* DetectionSceneViewModel.swift in Sources */,
				F8CFA71429D5A89E00905F94 /* FaceBoundsState.swift in Sources */,
				F8E4D48129D8AA6400B6F0BB /* ApplicationCoordinator.swift in Sources */,
				F8348CB529DB56BD00AF14F2 /* FDAlert.swift in Sources */,
			);
			runOnlyForDeploymentPostprocessing = 0;
		};
/* End PBXSourcesBuildPhase section */

/* Begin PBXVariantGroup section */
		F8CFA6EA29D32F5100905F94 /* LaunchScreen.storyboard */ = {
			isa = PBXVariantGroup;
			children = (
				F8CFA6EB29D32F5100905F94 /* Base */,
			);
			name = LaunchScreen.storyboard;
			sourceTree = "<group>";
		};
/* End PBXVariantGroup section */

/* Begin XCBuildConfiguration section */
		F8CFA6EE29D32F5100905F94 /* Debug */ = {
			isa = XCBuildConfiguration;
			buildSettings = {
				ALWAYS_SEARCH_USER_PATHS = NO;
				CLANG_ANALYZER_NONNULL = YES;
				CLANG_ANALYZER_NUMBER_OBJECT_CONVERSION = YES_AGGRESSIVE;
				CLANG_CXX_LANGUAGE_STANDARD = "gnu++20";
				CLANG_ENABLE_MODULES = YES;
				CLANG_ENABLE_OBJC_ARC = YES;
				CLANG_ENABLE_OBJC_WEAK = YES;
				CLANG_WARN_BLOCK_CAPTURE_AUTORELEASING = YES;
				CLANG_WARN_BOOL_CONVERSION = YES;
				CLANG_WARN_COMMA = YES;
				CLANG_WARN_CONSTANT_CONVERSION = YES;
				CLANG_WARN_DEPRECATED_OBJC_IMPLEMENTATIONS = YES;
				CLANG_WARN_DIRECT_OBJC_ISA_USAGE = YES_ERROR;
				CLANG_WARN_DOCUMENTATION_COMMENTS = YES;
				CLANG_WARN_EMPTY_BODY = YES;
				CLANG_WARN_ENUM_CONVERSION = YES;
				CLANG_WARN_INFINITE_RECURSION = YES;
				CLANG_WARN_INT_CONVERSION = YES;
				CLANG_WARN_NON_LITERAL_NULL_CONVERSION = YES;
				CLANG_WARN_OBJC_IMPLICIT_RETAIN_SELF = YES;
				CLANG_WARN_OBJC_LITERAL_CONVERSION = YES;
				CLANG_WARN_OBJC_ROOT_CLASS = YES_ERROR;
				CLANG_WARN_QUOTED_INCLUDE_IN_FRAMEWORK_HEADER = YES;
				CLANG_WARN_RANGE_LOOP_ANALYSIS = YES;
				CLANG_WARN_STRICT_PROTOTYPES = YES;
				CLANG_WARN_SUSPICIOUS_MOVE = YES;
				CLANG_WARN_UNGUARDED_AVAILABILITY = YES_AGGRESSIVE;
				CLANG_WARN_UNREACHABLE_CODE = YES;
				CLANG_WARN__DUPLICATE_METHOD_MATCH = YES;
				COPY_PHASE_STRIP = NO;
				DEBUG_INFORMATION_FORMAT = dwarf;
				ENABLE_STRICT_OBJC_MSGSEND = YES;
				ENABLE_TESTABILITY = YES;
				GCC_C_LANGUAGE_STANDARD = gnu11;
				GCC_DYNAMIC_NO_PIC = NO;
				GCC_NO_COMMON_BLOCKS = YES;
				GCC_OPTIMIZATION_LEVEL = 0;
				GCC_PREPROCESSOR_DEFINITIONS = (
					"DEBUG=1",
					"$(inherited)",
				);
				GCC_WARN_64_TO_32_BIT_CONVERSION = YES;
				GCC_WARN_ABOUT_RETURN_TYPE = YES_ERROR;
				GCC_WARN_UNDECLARED_SELECTOR = YES;
				GCC_WARN_UNINITIALIZED_AUTOS = YES_AGGRESSIVE;
				GCC_WARN_UNUSED_FUNCTION = YES;
				GCC_WARN_UNUSED_VARIABLE = YES;
				IPHONEOS_DEPLOYMENT_TARGET = 16.2;
				MTL_ENABLE_DEBUG_INFO = INCLUDE_SOURCE;
				MTL_FAST_MATH = YES;
				ONLY_ACTIVE_ARCH = YES;
				SDKROOT = iphoneos;
				SWIFT_ACTIVE_COMPILATION_CONDITIONS = DEBUG;
				SWIFT_OPTIMIZATION_LEVEL = "-Onone";
			};
			name = Debug;
		};
		F8CFA6EF29D32F5100905F94 /* Release */ = {
			isa = XCBuildConfiguration;
			buildSettings = {
				ALWAYS_SEARCH_USER_PATHS = NO;
				CLANG_ANALYZER_NONNULL = YES;
				CLANG_ANALYZER_NUMBER_OBJECT_CONVERSION = YES_AGGRESSIVE;
				CLANG_CXX_LANGUAGE_STANDARD = "gnu++20";
				CLANG_ENABLE_MODULES = YES;
				CLANG_ENABLE_OBJC_ARC = YES;
				CLANG_ENABLE_OBJC_WEAK = YES;
				CLANG_WARN_BLOCK_CAPTURE_AUTORELEASING = YES;
				CLANG_WARN_BOOL_CONVERSION = YES;
				CLANG_WARN_COMMA = YES;
				CLANG_WARN_CONSTANT_CONVERSION = YES;
				CLANG_WARN_DEPRECATED_OBJC_IMPLEMENTATIONS = YES;
				CLANG_WARN_DIRECT_OBJC_ISA_USAGE = YES_ERROR;
				CLANG_WARN_DOCUMENTATION_COMMENTS = YES;
				CLANG_WARN_EMPTY_BODY = YES;
				CLANG_WARN_ENUM_CONVERSION = YES;
				CLANG_WARN_INFINITE_RECURSION = YES;
				CLANG_WARN_INT_CONVERSION = YES;
				CLANG_WARN_NON_LITERAL_NULL_CONVERSION = YES;
				CLANG_WARN_OBJC_IMPLICIT_RETAIN_SELF = YES;
				CLANG_WARN_OBJC_LITERAL_CONVERSION = YES;
				CLANG_WARN_OBJC_ROOT_CLASS = YES_ERROR;
				CLANG_WARN_QUOTED_INCLUDE_IN_FRAMEWORK_HEADER = YES;
				CLANG_WARN_RANGE_LOOP_ANALYSIS = YES;
				CLANG_WARN_STRICT_PROTOTYPES = YES;
				CLANG_WARN_SUSPICIOUS_MOVE = YES;
				CLANG_WARN_UNGUARDED_AVAILABILITY = YES_AGGRESSIVE;
				CLANG_WARN_UNREACHABLE_CODE = YES;
				CLANG_WARN__DUPLICATE_METHOD_MATCH = YES;
				COPY_PHASE_STRIP = NO;
				DEBUG_INFORMATION_FORMAT = "dwarf-with-dsym";
				ENABLE_NS_ASSERTIONS = NO;
				ENABLE_STRICT_OBJC_MSGSEND = YES;
				GCC_C_LANGUAGE_STANDARD = gnu11;
				GCC_NO_COMMON_BLOCKS = YES;
				GCC_WARN_64_TO_32_BIT_CONVERSION = YES;
				GCC_WARN_ABOUT_RETURN_TYPE = YES_ERROR;
				GCC_WARN_UNDECLARED_SELECTOR = YES;
				GCC_WARN_UNINITIALIZED_AUTOS = YES_AGGRESSIVE;
				GCC_WARN_UNUSED_FUNCTION = YES;
				GCC_WARN_UNUSED_VARIABLE = YES;
				IPHONEOS_DEPLOYMENT_TARGET = 16.2;
				MTL_ENABLE_DEBUG_INFO = NO;
				MTL_FAST_MATH = YES;
				SDKROOT = iphoneos;
				SWIFT_COMPILATION_MODE = wholemodule;
				SWIFT_OPTIMIZATION_LEVEL = "-O";
				VALIDATE_PRODUCT = YES;
			};
			name = Release;
		};
		F8CFA6F129D32F5100905F94 /* Debug */ = {
			isa = XCBuildConfiguration;
			buildSettings = {
				ASSETCATALOG_COMPILER_APPICON_NAME = AppIcon;
				ASSETCATALOG_COMPILER_GLOBAL_ACCENT_COLOR_NAME = AccentColor;
				CLANG_ENABLE_MODULES = YES;
				CODE_SIGN_STYLE = Automatic;
				CURRENT_PROJECT_VERSION = 1;
				DEVELOPMENT_TEAM = Z9MV89M5M3;
				GENERATE_INFOPLIST_FILE = YES;
				INFOPLIST_FILE = FaceDetectionIOS/Application/Info.plist;
				INFOPLIST_KEY_NSCameraUsageDescription = "Please give permission to the camera for face detection";
				INFOPLIST_KEY_UIApplicationSupportsIndirectInputEvents = YES;
				INFOPLIST_KEY_UILaunchStoryboardName = LaunchScreen;
				INFOPLIST_KEY_UIMainStoryboardFile = "";
				INFOPLIST_KEY_UISupportedInterfaceOrientations_iPad = "UIInterfaceOrientationPortrait UIInterfaceOrientationPortraitUpsideDown UIInterfaceOrientationLandscapeLeft UIInterfaceOrientationLandscapeRight";
				INFOPLIST_KEY_UISupportedInterfaceOrientations_iPhone = "UIInterfaceOrientationPortrait UIInterfaceOrientationLandscapeLeft UIInterfaceOrientationLandscapeRight";
				IPHONEOS_DEPLOYMENT_TARGET = 16.1;
				LD_RUNPATH_SEARCH_PATHS = (
					"$(inherited)",
					"@executable_path/Frameworks",
				);
				MARKETING_VERSION = 1.0;
				PRODUCT_BUNDLE_IDENTIFIER = rodia.FaceDetectionIOS;
				PRODUCT_NAME = "$(TARGET_NAME)";
				SWIFT_EMIT_LOC_STRINGS = YES;
				SWIFT_OBJC_BRIDGING_HEADER = "FaceDetectionIOS/Common/Helpers/Utility/FaceDetectionIOS-Bridging-Header.h";
				SWIFT_OPTIMIZATION_LEVEL = "-Onone";
				SWIFT_VERSION = 5.0;
				TARGETED_DEVICE_FAMILY = "1,2";
			};
			name = Debug;
		};
		F8CFA6F229D32F5100905F94 /* Release */ = {
			isa = XCBuildConfiguration;
			buildSettings = {
				ASSETCATALOG_COMPILER_APPICON_NAME = AppIcon;
				ASSETCATALOG_COMPILER_GLOBAL_ACCENT_COLOR_NAME = AccentColor;
				CLANG_ENABLE_MODULES = YES;
				CODE_SIGN_STYLE = Automatic;
				CURRENT_PROJECT_VERSION = 1;
				DEVELOPMENT_TEAM = Z9MV89M5M3;
				GENERATE_INFOPLIST_FILE = YES;
				INFOPLIST_FILE = FaceDetectionIOS/Application/Info.plist;
				INFOPLIST_KEY_NSCameraUsageDescription = "Please give permission to the camera for face detection";
				INFOPLIST_KEY_UIApplicationSupportsIndirectInputEvents = YES;
				INFOPLIST_KEY_UILaunchStoryboardName = LaunchScreen;
				INFOPLIST_KEY_UIMainStoryboardFile = "";
				INFOPLIST_KEY_UISupportedInterfaceOrientations_iPad = "UIInterfaceOrientationPortrait UIInterfaceOrientationPortraitUpsideDown UIInterfaceOrientationLandscapeLeft UIInterfaceOrientationLandscapeRight";
				INFOPLIST_KEY_UISupportedInterfaceOrientations_iPhone = "UIInterfaceOrientationPortrait UIInterfaceOrientationLandscapeLeft UIInterfaceOrientationLandscapeRight";
				IPHONEOS_DEPLOYMENT_TARGET = 16.1;
				LD_RUNPATH_SEARCH_PATHS = (
					"$(inherited)",
					"@executable_path/Frameworks",
				);
				MARKETING_VERSION = 1.0;
				PRODUCT_BUNDLE_IDENTIFIER = rodia.FaceDetectionIOS;
				PRODUCT_NAME = "$(TARGET_NAME)";
				SWIFT_EMIT_LOC_STRINGS = YES;
				SWIFT_OBJC_BRIDGING_HEADER = "FaceDetectionIOS/Common/Helpers/Utility/FaceDetectionIOS-Bridging-Header.h";
				SWIFT_VERSION = 5.0;
				TARGETED_DEVICE_FAMILY = "1,2";
			};
			name = Release;
		};
/* End XCBuildConfiguration section */

/* Begin XCConfigurationList section */
		F8CFA6D729D32F5000905F94 /* Build configuration list for PBXProject "FaceDetectionIOS" */ = {
			isa = XCConfigurationList;
			buildConfigurations = (
				F8CFA6EE29D32F5100905F94 /* Debug */,
				F8CFA6EF29D32F5100905F94 /* Release */,
			);
			defaultConfigurationIsVisible = 0;
			defaultConfigurationName = Release;
		};
		F8CFA6F029D32F5100905F94 /* Build configuration list for PBXNativeTarget "FaceDetectionIOS" */ = {
			isa = XCConfigurationList;
			buildConfigurations = (
				F8CFA6F129D32F5100905F94 /* Debug */,
				F8CFA6F229D32F5100905F94 /* Release */,
			);
			defaultConfigurationIsVisible = 0;
			defaultConfigurationName = Release;
		};
/* End XCConfigurationList section */
	};
	rootObject = F8CFA6D429D32F5000905F94 /* Project object */;
}
